// !$*UTF8*$!
{
	archiveVersion = 1;
	classes = {
	};
	objectVersion = 48;
	objects = {

/* Begin PBXBuildFile section */
		21DECD9FD13BF9D9589EF9C0 /* libPods-ThirdPartyShareLoginAndPayUITests.a in Frameworks */ = {isa = PBXBuildFile; fileRef = E58D42FFD5E5AE8FA08473E5 /* libPods-ThirdPartyShareLoginAndPayUITests.a */; };
		428480E418EBD2EC0CEB1641 /* libPods-ThirdPartyShareLoginAndPayTests.a in Frameworks */ = {isa = PBXBuildFile; fileRef = A6CEB5D976D8285796FB48A5 /* libPods-ThirdPartyShareLoginAndPayTests.a */; };
		5D326329308F9D4078714BF5 /* libPods-ThirdPartyShareLoginAndPay.a in Frameworks */ = {isa = PBXBuildFile; fileRef = 8CC48360F2D82AA7C923D988 /* libPods-ThirdPartyShareLoginAndPay.a */; };
		7E66E5921FF334D9006E4245 /* AppDelegate.m in Sources */ = {isa = PBXBuildFile; fileRef = 7E66E5911FF334D9006E4245 /* AppDelegate.m */; };
		7E66E5951FF334D9006E4245 /* ViewController.m in Sources */ = {isa = PBXBuildFile; fileRef = 7E66E5941FF334D9006E4245 /* ViewController.m */; };
		7E66E5981FF334D9006E4245 /* Main.storyboard in Resources */ = {isa = PBXBuildFile; fileRef = 7E66E5961FF334D9006E4245 /* Main.storyboard */; };
		7E66E59A1FF334D9006E4245 /* Assets.xcassets in Resources */ = {isa = PBXBuildFile; fileRef = 7E66E5991FF334D9006E4245 /* Assets.xcassets */; };
		7E66E59D1FF334D9006E4245 /* LaunchScreen.storyboard in Resources */ = {isa = PBXBuildFile; fileRef = 7E66E59B1FF334D9006E4245 /* LaunchScreen.storyboard */; };
		7E66E5A01FF334D9006E4245 /* main.m in Sources */ = {isa = PBXBuildFile; fileRef = 7E66E59F1FF334D9006E4245 /* main.m */; };
		7E66E5AA1FF334D9006E4245 /* ThirdPartyShareLoginAndPayTests.m in Sources */ = {isa = PBXBuildFile; fileRef = 7E66E5A91FF334D9006E4245 /* ThirdPartyShareLoginAndPayTests.m */; };
		7E66E5B51FF334D9006E4245 /* ThirdPartyShareLoginAndPayUITests.m in Sources */ = {isa = PBXBuildFile; fileRef = 7E66E5B41FF334D9006E4245 /* ThirdPartyShareLoginAndPayUITests.m */; };
		7E66E5C71FF343E6006E4245 /* CYMainTabBarViewController.m in Sources */ = {isa = PBXBuildFile; fileRef = 7E66E5C61FF343E6006E4245 /* CYMainTabBarViewController.m */; };
		7E66E5CA1FF34404006E4245 /* CYBaseViewController.m in Sources */ = {isa = PBXBuildFile; fileRef = 7E66E5C91FF34404006E4245 /* CYBaseViewController.m */; };
		7E66E5CD1FF34438006E4245 /* CYBaseNavigationViewController.m in Sources */ = {isa = PBXBuildFile; fileRef = 7E66E5CC1FF34438006E4245 /* CYBaseNavigationViewController.m */; };
		7E66E5D61FF344C7006E4245 /* CYShareViewController.m in Sources */ = {isa = PBXBuildFile; fileRef = 7E66E5D41FF344C7006E4245 /* CYShareViewController.m */; };
		7E66E5D71FF344C7006E4245 /* CYShareViewController.xib in Resources */ = {isa = PBXBuildFile; fileRef = 7E66E5D51FF344C7006E4245 /* CYShareViewController.xib */; };
		7E66E5DC1FF34513006E4245 /* CYPayViewController.m in Sources */ = {isa = PBXBuildFile; fileRef = 7E66E5DA1FF34513006E4245 /* CYPayViewController.m */; };
		7E66E5DD1FF34513006E4245 /* CYPayViewController.xib in Resources */ = {isa = PBXBuildFile; fileRef = 7E66E5DB1FF34513006E4245 /* CYPayViewController.xib */; };
		7E66E5E21FF34545006E4245 /* CYPurchaseViewController.m in Sources */ = {isa = PBXBuildFile; fileRef = 7E66E5E01FF34545006E4245 /* CYPurchaseViewController.m */; };
		7E66E5E31FF34545006E4245 /* CYPurchaseViewController.xib in Resources */ = {isa = PBXBuildFile; fileRef = 7E66E5E11FF34545006E4245 /* CYPurchaseViewController.xib */; };
		7E66E5E81FF34F31006E4245 /* CYShareView.m in Sources */ = {isa = PBXBuildFile; fileRef = 7E66E5E51FF34F30006E4245 /* CYShareView.m */; };
		7E66E5E91FF34F31006E4245 /* CYShareView.xib in Resources */ = {isa = PBXBuildFile; fileRef = 7E66E5E71FF34F31006E4245 /* CYShareView.xib */; };
		7E66E62B1FF360AA006E4245 /* UIBarButtonItem+QU.m in Sources */ = {isa = PBXBuildFile; fileRef = 7E66E6021FF360AA006E4245 /* UIBarButtonItem+QU.m */; };
		7E66E62C1FF360AA006E4245 /* UIButton+Category.m in Sources */ = {isa = PBXBuildFile; fileRef = 7E66E6051FF360AA006E4245 /* UIButton+Category.m */; };
		7E66E62D1FF360AA006E4245 /* UIColor+Hex.m in Sources */ = {isa = PBXBuildFile; fileRef = 7E66E6081FF360AA006E4245 /* UIColor+Hex.m */; };
		7E66E62E1FF360AA006E4245 /* UIImage+Blur.m in Sources */ = {isa = PBXBuildFile; fileRef = 7E66E60B1FF360AA006E4245 /* UIImage+Blur.m */; };
		7E66E62F1FF360AA006E4245 /* UIImage+GIF.m in Sources */ = {isa = PBXBuildFile; fileRef = 7E66E60D1FF360AA006E4245 /* UIImage+GIF.m */; };
		7E66E6301FF360AA006E4245 /* UIImageView+Blur.m in Sources */ = {isa = PBXBuildFile; fileRef = 7E66E60F1FF360AA006E4245 /* UIImageView+Blur.m */; };
		7E66E6331FF360AA006E4245 /* UIView+Extension.m in Sources */ = {isa = PBXBuildFile; fileRef = 7E66E6171FF360AA006E4245 /* UIView+Extension.m */; };
		7E66E6491FF3648C006E4245 /* ThirdPartyLoginAndShareManager.m in Sources */ = {isa = PBXBuildFile; fileRef = 7E66E63E1FF3648B006E4245 /* ThirdPartyLoginAndShareManager.m */; };
		7E66E64A1FF3648C006E4245 /* QQApiUtils.m in Sources */ = {isa = PBXBuildFile; fileRef = 7E66E6401FF3648B006E4245 /* QQApiUtils.m */; };
		7E66E64B1FF3648C006E4245 /* UIImage+TT.m in Sources */ = {isa = PBXBuildFile; fileRef = 7E66E6441FF3648B006E4245 /* UIImage+TT.m */; };
		7E66E64C1FF3648C006E4245 /* WBApiUtils.m in Sources */ = {isa = PBXBuildFile; fileRef = 7E66E6461FF3648B006E4245 /* WBApiUtils.m */; };
		7E66E64D1FF3648C006E4245 /* WXApiUtils.m in Sources */ = {isa = PBXBuildFile; fileRef = 7E66E6481FF3648B006E4245 /* WXApiUtils.m */; };
		7E66E6541FF36738006E4245 /* APIGenerate.m in Sources */ = {isa = PBXBuildFile; fileRef = 7E66E6501FF36738006E4245 /* APIGenerate.m */; };
		7E66E6551FF36738006E4245 /* NetWorkManager.m in Sources */ = {isa = PBXBuildFile; fileRef = 7E66E6521FF36738006E4245 /* NetWorkManager.m */; };
		7E66E6561FF36738006E4245 /* Config.json in Resources */ = {isa = PBXBuildFile; fileRef = 7E66E6531FF36738006E4245 /* Config.json */; };
		7E66E65F1FF368BC006E4245 /* TencentOpenAPI.framework in Frameworks */ = {isa = PBXBuildFile; fileRef = 7E66E6581FF368BA006E4245 /* TencentOpenAPI.framework */; };
		7E66E6601FF368BC006E4245 /* TencentOpenApi_IOS_Bundle.bundle in Resources */ = {isa = PBXBuildFile; fileRef = 7E66E6591FF368BA006E4245 /* TencentOpenApi_IOS_Bundle.bundle */; };
		7E66E6611FF368BC006E4245 /* libWeChatSDK.a in Frameworks */ = {isa = PBXBuildFile; fileRef = 7E66E65B1FF368BB006E4245 /* libWeChatSDK.a */; };
		7E66E6631FF36BBB006E4245 /* SystemConfiguration.framework in Frameworks */ = {isa = PBXBuildFile; fileRef = 7E66E6621FF36BBA006E4245 /* SystemConfiguration.framework */; };
		7E66E6651FF36C47006E4245 /* libz.1.dylib in Frameworks */ = {isa = PBXBuildFile; fileRef = 7E66E6641FF36C47006E4245 /* libz.1.dylib */; };
		7E66E6671FF36C63006E4245 /* libc++.1.dylib in Frameworks */ = {isa = PBXBuildFile; fileRef = 7E66E6661FF36C63006E4245 /* libc++.1.dylib */; };
		7E66E6691FF36C90006E4245 /* libsqlite3.dylib in Frameworks */ = {isa = PBXBuildFile; fileRef = 7E66E6681FF36C90006E4245 /* libsqlite3.dylib */; };
		7E66E66B1FF36C9D006E4245 /* Security.framework in Frameworks */ = {isa = PBXBuildFile; fileRef = 7E66E66A1FF36C9D006E4245 /* Security.framework */; };
		7E66E66D1FF36CB0006E4245 /* CoreTelephony.framework in Frameworks */ = {isa = PBXBuildFile; fileRef = 7E66E66C1FF36CB0006E4245 /* CoreTelephony.framework */; };
		7E66E66F1FF36CBC006E4245 /* CFNetwork.framework in Frameworks */ = {isa = PBXBuildFile; fileRef = 7E66E66E1FF36CBC006E4245 /* CFNetwork.framework */; };
		7E66E6D41FF37AD4006E4245 /* AlipayTool.m in Sources */ = {isa = PBXBuildFile; fileRef = 7E66E6721FF37AD3006E4245 /* AlipayTool.m */; };
		7E66E6D51FF37AD4006E4245 /* APAuthInfo.m in Sources */ = {isa = PBXBuildFile; fileRef = 7E66E6741FF37AD3006E4245 /* APAuthInfo.m */; };
		7E66E6D61FF37AD4006E4245 /* APOrderInfo.m in Sources */ = {isa = PBXBuildFile; fileRef = 7E66E6761FF37AD3006E4245 /* APOrderInfo.m */; };
		7E66E6D71FF37AD4006E4245 /* libcrypto.a in Frameworks */ = {isa = PBXBuildFile; fileRef = 7E66E6771FF37AD3006E4245 /* libcrypto.a */; };
		7E66E6D81FF37AD4006E4245 /* libssl.a in Frameworks */ = {isa = PBXBuildFile; fileRef = 7E66E6781FF37AD3006E4245 /* libssl.a */; };
		7E66E6D91FF37AD4006E4245 /* APRSASigner.m in Sources */ = {isa = PBXBuildFile; fileRef = 7E66E6C71FF37AD3006E4245 /* APRSASigner.m */; };
		7E66E6DA1FF37AD4006E4245 /* openssl_wrapper.m in Sources */ = {isa = PBXBuildFile; fileRef = 7E66E6C91FF37AD3006E4245 /* openssl_wrapper.m */; };
		7E66E6DB1FF37AD4006E4245 /* ApiXml.mm in Sources */ = {isa = PBXBuildFile; fileRef = 7E66E6CC1FF37AD4006E4245 /* ApiXml.mm */; };
		7E66E6DC1FF37AD4006E4245 /* payRequsestHandler.mm in Sources */ = {isa = PBXBuildFile; fileRef = 7E66E6CE1FF37AD4006E4245 /* payRequsestHandler.mm */; };
		7E66E6DD1FF37AD4006E4245 /* WeChatOrder.m in Sources */ = {isa = PBXBuildFile; fileRef = 7E66E6D11FF37AD4006E4245 /* WeChatOrder.m */; };
		7E66E6DE1FF37AD4006E4245 /* WXUtil.mm in Sources */ = {isa = PBXBuildFile; fileRef = 7E66E6D31FF37AD4006E4245 /* WXUtil.mm */; };
		7E66E6E21FF37AE7006E4245 /* AlipaySDK.bundle in Resources */ = {isa = PBXBuildFile; fileRef = 7E66E6E01FF37AE7006E4245 /* AlipaySDK.bundle */; };
		7E66E6E31FF37AE7006E4245 /* AlipaySDK.framework in Frameworks */ = {isa = PBXBuildFile; fileRef = 7E66E6E11FF37AE7006E4245 /* AlipaySDK.framework */; };
		7E66E6E51FF37BDD006E4245 /* QuartzCore.framework in Frameworks */ = {isa = PBXBuildFile; fileRef = 7E66E6E41FF37BDD006E4245 /* QuartzCore.framework */; };
		7E66E6E71FF37BEC006E4245 /* libz.tbd in Frameworks */ = {isa = PBXBuildFile; fileRef = 7E66E6E61FF37BEC006E4245 /* libz.tbd */; };
		7E66E6E91FF37BF4006E4245 /* libc++.tbd in Frameworks */ = {isa = PBXBuildFile; fileRef = 7E66E6E81FF37BF4006E4245 /* libc++.tbd */; };
		7E66E6EB1FF37C03006E4245 /* CoreText.framework in Frameworks */ = {isa = PBXBuildFile; fileRef = 7E66E6EA1FF37C02006E4245 /* CoreText.framework */; };
		7E66E6ED1FF37C0F006E4245 /* CoreGraphics.framework in Frameworks */ = {isa = PBXBuildFile; fileRef = 7E66E6EC1FF37C0F006E4245 /* CoreGraphics.framework */; };
		7E66E6EF1FF37C20006E4245 /* CoreMotion.framework in Frameworks */ = {isa = PBXBuildFile; fileRef = 7E66E6EE1FF37C1F006E4245 /* CoreMotion.framework */; };
		7E66E6F11FF37C28006E4245 /* UIKit.framework in Frameworks */ = {isa = PBXBuildFile; fileRef = 7E66E6F01FF37C28006E4245 /* UIKit.framework */; };
		7E66E6F31FF37C37006E4245 /* Foundation.framework in Frameworks */ = {isa = PBXBuildFile; fileRef = 7E66E6F21FF37C37006E4245 /* Foundation.framework */; };
		7E66E6F81FF38929006E4245 /* CYLoginViewController.m in Sources */ = {isa = PBXBuildFile; fileRef = 7E66E6F61FF38929006E4245 /* CYLoginViewController.m */; };
		7E66E6F91FF38929006E4245 /* CYLoginViewController.xib in Resources */ = {isa = PBXBuildFile; fileRef = 7E66E6F71FF38929006E4245 /* CYLoginViewController.xib */; };
		7E66E6FD1FF38E8A006E4245 /* PuchaseTool.m in Sources */ = {isa = PBXBuildFile; fileRef = 7E66E6FC1FF38E8A006E4245 /* PuchaseTool.m */; };
/* End PBXBuildFile section */

/* Begin PBXContainerItemProxy section */
		7E66E5A61FF334D9006E4245 /* PBXContainerItemProxy */ = {
			isa = PBXContainerItemProxy;
			containerPortal = 7E66E5851FF334D9006E4245 /* Project object */;
			proxyType = 1;
			remoteGlobalIDString = 7E66E58C1FF334D9006E4245;
			remoteInfo = ThirdPartyShareLoginAndPay;
		};
		7E66E5B11FF334D9006E4245 /* PBXContainerItemProxy */ = {
			isa = PBXContainerItemProxy;
			containerPortal = 7E66E5851FF334D9006E4245 /* Project object */;
			proxyType = 1;
			remoteGlobalIDString = 7E66E58C1FF334D9006E4245;
			remoteInfo = ThirdPartyShareLoginAndPay;
		};
/* End PBXContainerItemProxy section */

/* Begin PBXFileReference section */
		09968527EC6B6DE2950B316D /* Pods-ThirdPartyShareLoginAndPayUITests.release.xcconfig */ = {isa = PBXFileReference; includeInIndex = 1; lastKnownFileType = text.xcconfig; name = "Pods-ThirdPartyShareLoginAndPayUITests.release.xcconfig"; path = "Pods/Target Support Files/Pods-ThirdPartyShareLoginAndPayUITests/Pods-ThirdPartyShareLoginAndPayUITests.release.xcconfig"; sourceTree = "<group>"; };
		0D5E71FBF10C0068CA3C211F /* Pods-ThirdPartyShareLoginAndPayTests.release.xcconfig */ = {isa = PBXFileReference; includeInIndex = 1; lastKnownFileType = text.xcconfig; name = "Pods-ThirdPartyShareLoginAndPayTests.release.xcconfig"; path = "Pods/Target Support Files/Pods-ThirdPartyShareLoginAndPayTests/Pods-ThirdPartyShareLoginAndPayTests.release.xcconfig"; sourceTree = "<group>"; };
		7E66E58D1FF334D9006E4245 /* ThirdPartyShareLoginAndPay.app */ = {isa = PBXFileReference; explicitFileType = wrapper.application; includeInIndex = 0; path = ThirdPartyShareLoginAndPay.app; sourceTree = BUILT_PRODUCTS_DIR; };
		7E66E5901FF334D9006E4245 /* AppDelegate.h */ = {isa = PBXFileReference; lastKnownFileType = sourcecode.c.h; path = AppDelegate.h; sourceTree = "<group>"; };
		7E66E5911FF334D9006E4245 /* AppDelegate.m */ = {isa = PBXFileReference; lastKnownFileType = sourcecode.c.objc; path = AppDelegate.m; sourceTree = "<group>"; };
		7E66E5931FF334D9006E4245 /* ViewController.h */ = {isa = PBXFileReference; lastKnownFileType = sourcecode.c.h; path = ViewController.h; sourceTree = "<group>"; };
		7E66E5941FF334D9006E4245 /* ViewController.m */ = {isa = PBXFileReference; lastKnownFileType = sourcecode.c.objc; path = ViewController.m; sourceTree = "<group>"; };
		7E66E5971FF334D9006E4245 /* Base */ = {isa = PBXFileReference; lastKnownFileType = file.storyboard; name = Base; path = Base.lproj/Main.storyboard; sourceTree = "<group>"; };
		7E66E5991FF334D9006E4245 /* Assets.xcassets */ = {isa = PBXFileReference; lastKnownFileType = folder.assetcatalog; path = Assets.xcassets; sourceTree = "<group>"; };
		7E66E59C1FF334D9006E4245 /* Base */ = {isa = PBXFileReference; lastKnownFileType = file.storyboard; name = Base; path = Base.lproj/LaunchScreen.storyboard; sourceTree = "<group>"; };
		7E66E59E1FF334D9006E4245 /* Info.plist */ = {isa = PBXFileReference; lastKnownFileType = text.plist.xml; path = Info.plist; sourceTree = "<group>"; };
		7E66E59F1FF334D9006E4245 /* main.m */ = {isa = PBXFileReference; lastKnownFileType = sourcecode.c.objc; path = main.m; sourceTree = "<group>"; };
		7E66E5A51FF334D9006E4245 /* ThirdPartyShareLoginAndPayTests.xctest */ = {isa = PBXFileReference; explicitFileType = wrapper.cfbundle; includeInIndex = 0; path = ThirdPartyShareLoginAndPayTests.xctest; sourceTree = BUILT_PRODUCTS_DIR; };
		7E66E5A91FF334D9006E4245 /* ThirdPartyShareLoginAndPayTests.m */ = {isa = PBXFileReference; lastKnownFileType = sourcecode.c.objc; path = ThirdPartyShareLoginAndPayTests.m; sourceTree = "<group>"; };
		7E66E5AB1FF334D9006E4245 /* Info.plist */ = {isa = PBXFileReference; lastKnownFileType = text.plist.xml; path = Info.plist; sourceTree = "<group>"; };
		7E66E5B01FF334D9006E4245 /* ThirdPartyShareLoginAndPayUITests.xctest */ = {isa = PBXFileReference; explicitFileType = wrapper.cfbundle; includeInIndex = 0; path = ThirdPartyShareLoginAndPayUITests.xctest; sourceTree = BUILT_PRODUCTS_DIR; };
		7E66E5B41FF334D9006E4245 /* ThirdPartyShareLoginAndPayUITests.m */ = {isa = PBXFileReference; lastKnownFileType = sourcecode.c.objc; path = ThirdPartyShareLoginAndPayUITests.m; sourceTree = "<group>"; };
		7E66E5B61FF334D9006E4245 /* Info.plist */ = {isa = PBXFileReference; lastKnownFileType = text.plist.xml; path = Info.plist; sourceTree = "<group>"; };
		7E66E5C51FF343E6006E4245 /* CYMainTabBarViewController.h */ = {isa = PBXFileReference; lastKnownFileType = sourcecode.c.h; path = CYMainTabBarViewController.h; sourceTree = "<group>"; };
		7E66E5C61FF343E6006E4245 /* CYMainTabBarViewController.m */ = {isa = PBXFileReference; lastKnownFileType = sourcecode.c.objc; path = CYMainTabBarViewController.m; sourceTree = "<group>"; };
		7E66E5C81FF34404006E4245 /* CYBaseViewController.h */ = {isa = PBXFileReference; lastKnownFileType = sourcecode.c.h; path = CYBaseViewController.h; sourceTree = "<group>"; };
		7E66E5C91FF34404006E4245 /* CYBaseViewController.m */ = {isa = PBXFileReference; lastKnownFileType = sourcecode.c.objc; path = CYBaseViewController.m; sourceTree = "<group>"; };
		7E66E5CB1FF34438006E4245 /* CYBaseNavigationViewController.h */ = {isa = PBXFileReference; lastKnownFileType = sourcecode.c.h; path = CYBaseNavigationViewController.h; sourceTree = "<group>"; };
		7E66E5CC1FF34438006E4245 /* CYBaseNavigationViewController.m */ = {isa = PBXFileReference; lastKnownFileType = sourcecode.c.objc; path = CYBaseNavigationViewController.m; sourceTree = "<group>"; };
		7E66E5D31FF344C7006E4245 /* CYShareViewController.h */ = {isa = PBXFileReference; lastKnownFileType = sourcecode.c.h; path = CYShareViewController.h; sourceTree = "<group>"; };
		7E66E5D41FF344C7006E4245 /* CYShareViewController.m */ = {isa = PBXFileReference; lastKnownFileType = sourcecode.c.objc; path = CYShareViewController.m; sourceTree = "<group>"; };
		7E66E5D51FF344C7006E4245 /* CYShareViewController.xib */ = {isa = PBXFileReference; lastKnownFileType = file.xib; path = CYShareViewController.xib; sourceTree = "<group>"; };
		7E66E5D91FF34513006E4245 /* CYPayViewController.h */ = {isa = PBXFileReference; lastKnownFileType = sourcecode.c.h; path = CYPayViewController.h; sourceTree = "<group>"; };
		7E66E5DA1FF34513006E4245 /* CYPayViewController.m */ = {isa = PBXFileReference; lastKnownFileType = sourcecode.c.objc; path = CYPayViewController.m; sourceTree = "<group>"; };
		7E66E5DB1FF34513006E4245 /* CYPayViewController.xib */ = {isa = PBXFileReference; lastKnownFileType = file.xib; path = CYPayViewController.xib; sourceTree = "<group>"; };
		7E66E5DF1FF34545006E4245 /* CYPurchaseViewController.h */ = {isa = PBXFileReference; lastKnownFileType = sourcecode.c.h; path = CYPurchaseViewController.h; sourceTree = "<group>"; };
		7E66E5E01FF34545006E4245 /* CYPurchaseViewController.m */ = {isa = PBXFileReference; lastKnownFileType = sourcecode.c.objc; path = CYPurchaseViewController.m; sourceTree = "<group>"; };
		7E66E5E11FF34545006E4245 /* CYPurchaseViewController.xib */ = {isa = PBXFileReference; lastKnownFileType = file.xib; path = CYPurchaseViewController.xib; sourceTree = "<group>"; };
		7E66E5E51FF34F30006E4245 /* CYShareView.m */ = {isa = PBXFileReference; fileEncoding = 4; lastKnownFileType = sourcecode.c.objc; path = CYShareView.m; sourceTree = "<group>"; };
		7E66E5E61FF34F31006E4245 /* CYShareView.h */ = {isa = PBXFileReference; fileEncoding = 4; lastKnownFileType = sourcecode.c.h; path = CYShareView.h; sourceTree = "<group>"; };
		7E66E5E71FF34F31006E4245 /* CYShareView.xib */ = {isa = PBXFileReference; fileEncoding = 4; lastKnownFileType = file.xib; path = CYShareView.xib; sourceTree = "<group>"; };
		7E66E5EA1FF3519D006E4245 /* ThirdPartyPrefixHeader.pch */ = {isa = PBXFileReference; lastKnownFileType = sourcecode.c.h; path = ThirdPartyPrefixHeader.pch; sourceTree = "<group>"; };
		7E66E5EC1FF36023006E4245 /* ColorCommonMacros.h */ = {isa = PBXFileReference; fileEncoding = 4; lastKnownFileType = sourcecode.c.h; path = ColorCommonMacros.h; sourceTree = "<group>"; };
		7E66E5ED1FF36023006E4245 /* ThirdPartyMacros.h */ = {isa = PBXFileReference; fileEncoding = 4; lastKnownFileType = sourcecode.c.h; path = ThirdPartyMacros.h; sourceTree = "<group>"; };
		7E66E6011FF360AA006E4245 /* UIBarButtonItem+QU.h */ = {isa = PBXFileReference; fileEncoding = 4; lastKnownFileType = sourcecode.c.h; path = "UIBarButtonItem+QU.h"; sourceTree = "<group>"; };
		7E66E6021FF360AA006E4245 /* UIBarButtonItem+QU.m */ = {isa = PBXFileReference; fileEncoding = 4; lastKnownFileType = sourcecode.c.objc; path = "UIBarButtonItem+QU.m"; sourceTree = "<group>"; };
		7E66E6041FF360AA006E4245 /* UIButton+Category.h */ = {isa = PBXFileReference; fileEncoding = 4; lastKnownFileType = sourcecode.c.h; path = "UIButton+Category.h"; sourceTree = "<group>"; };
		7E66E6051FF360AA006E4245 /* UIButton+Category.m */ = {isa = PBXFileReference; fileEncoding = 4; lastKnownFileType = sourcecode.c.objc; path = "UIButton+Category.m"; sourceTree = "<group>"; };
		7E66E6071FF360AA006E4245 /* UIColor+Hex.h */ = {isa = PBXFileReference; fileEncoding = 4; lastKnownFileType = sourcecode.c.h; path = "UIColor+Hex.h"; sourceTree = "<group>"; };
		7E66E6081FF360AA006E4245 /* UIColor+Hex.m */ = {isa = PBXFileReference; fileEncoding = 4; lastKnownFileType = sourcecode.c.objc; path = "UIColor+Hex.m"; sourceTree = "<group>"; };
		7E66E60A1FF360AA006E4245 /* UIImage+Blur.h */ = {isa = PBXFileReference; fileEncoding = 4; lastKnownFileType = sourcecode.c.h; path = "UIImage+Blur.h"; sourceTree = "<group>"; };
		7E66E60B1FF360AA006E4245 /* UIImage+Blur.m */ = {isa = PBXFileReference; fileEncoding = 4; lastKnownFileType = sourcecode.c.objc; path = "UIImage+Blur.m"; sourceTree = "<group>"; };
		7E66E60C1FF360AA006E4245 /* UIImage+GIF.h */ = {isa = PBXFileReference; fileEncoding = 4; lastKnownFileType = sourcecode.c.h; path = "UIImage+GIF.h"; sourceTree = "<group>"; };
		7E66E60D1FF360AA006E4245 /* UIImage+GIF.m */ = {isa = PBXFileReference; fileEncoding = 4; lastKnownFileType = sourcecode.c.objc; path = "UIImage+GIF.m"; sourceTree = "<group>"; };
		7E66E60E1FF360AA006E4245 /* UIImageView+Blur.h */ = {isa = PBXFileReference; fileEncoding = 4; lastKnownFileType = sourcecode.c.h; path = "UIImageView+Blur.h"; sourceTree = "<group>"; };
		7E66E60F1FF360AA006E4245 /* UIImageView+Blur.m */ = {isa = PBXFileReference; fileEncoding = 4; lastKnownFileType = sourcecode.c.objc; path = "UIImageView+Blur.m"; sourceTree = "<group>"; };
		7E66E6161FF360AA006E4245 /* UIView+Extension.h */ = {isa = PBXFileReference; fileEncoding = 4; lastKnownFileType = sourcecode.c.h; path = "UIView+Extension.h"; sourceTree = "<group>"; };
		7E66E6171FF360AA006E4245 /* UIView+Extension.m */ = {isa = PBXFileReference; fileEncoding = 4; lastKnownFileType = sourcecode.c.objc; path = "UIView+Extension.m"; sourceTree = "<group>"; };
		7E66E63D1FF3648B006E4245 /* ThirdPartyLoginAndShareManager.h */ = {isa = PBXFileReference; fileEncoding = 4; lastKnownFileType = sourcecode.c.h; path = ThirdPartyLoginAndShareManager.h; sourceTree = "<group>"; };
		7E66E63E1FF3648B006E4245 /* ThirdPartyLoginAndShareManager.m */ = {isa = PBXFileReference; fileEncoding = 4; lastKnownFileType = sourcecode.c.objc; path = ThirdPartyLoginAndShareManager.m; sourceTree = "<group>"; };
		7E66E63F1FF3648B006E4245 /* QQApiUtils.h */ = {isa = PBXFileReference; fileEncoding = 4; lastKnownFileType = sourcecode.c.h; path = QQApiUtils.h; sourceTree = "<group>"; };
		7E66E6401FF3648B006E4245 /* QQApiUtils.m */ = {isa = PBXFileReference; fileEncoding = 4; lastKnownFileType = sourcecode.c.objc; path = QQApiUtils.m; sourceTree = "<group>"; };
		7E66E6411FF3648B006E4245 /* ThirdPartyLoginContans.h */ = {isa = PBXFileReference; fileEncoding = 4; lastKnownFileType = sourcecode.c.h; path = ThirdPartyLoginContans.h; sourceTree = "<group>"; };
		7E66E6421FF3648B006E4245 /* ThirdPartySystemCommon.h */ = {isa = PBXFileReference; fileEncoding = 4; lastKnownFileType = sourcecode.c.h; path = ThirdPartySystemCommon.h; sourceTree = "<group>"; };
		7E66E6431FF3648B006E4245 /* UIImage+TT.h */ = {isa = PBXFileReference; fileEncoding = 4; lastKnownFileType = sourcecode.c.h; path = "UIImage+TT.h"; sourceTree = "<group>"; };
		7E66E6441FF3648B006E4245 /* UIImage+TT.m */ = {isa = PBXFileReference; fileEncoding = 4; lastKnownFileType = sourcecode.c.objc; path = "UIImage+TT.m"; sourceTree = "<group>"; };
		7E66E6451FF3648B006E4245 /* WBApiUtils.h */ = {isa = PBXFileReference; fileEncoding = 4; lastKnownFileType = sourcecode.c.h; path = WBApiUtils.h; sourceTree = "<group>"; };
		7E66E6461FF3648B006E4245 /* WBApiUtils.m */ = {isa = PBXFileReference; fileEncoding = 4; lastKnownFileType = sourcecode.c.objc; path = WBApiUtils.m; sourceTree = "<group>"; };
		7E66E6471FF3648B006E4245 /* WXApiUtils.h */ = {isa = PBXFileReference; fileEncoding = 4; lastKnownFileType = sourcecode.c.h; path = WXApiUtils.h; sourceTree = "<group>"; };
		7E66E6481FF3648B006E4245 /* WXApiUtils.m */ = {isa = PBXFileReference; fileEncoding = 4; lastKnownFileType = sourcecode.c.objc; path = WXApiUtils.m; sourceTree = "<group>"; };
		7E66E64F1FF36738006E4245 /* APIGenerate.h */ = {isa = PBXFileReference; fileEncoding = 4; lastKnownFileType = sourcecode.c.h; path = APIGenerate.h; sourceTree = "<group>"; };
		7E66E6501FF36738006E4245 /* APIGenerate.m */ = {isa = PBXFileReference; fileEncoding = 4; lastKnownFileType = sourcecode.c.objc; path = APIGenerate.m; sourceTree = "<group>"; };
		7E66E6511FF36738006E4245 /* NetWorkManager.h */ = {isa = PBXFileReference; fileEncoding = 4; lastKnownFileType = sourcecode.c.h; path = NetWorkManager.h; sourceTree = "<group>"; };
		7E66E6521FF36738006E4245 /* NetWorkManager.m */ = {isa = PBXFileReference; fileEncoding = 4; lastKnownFileType = sourcecode.c.objc; path = NetWorkManager.m; sourceTree = "<group>"; };
		7E66E6531FF36738006E4245 /* Config.json */ = {isa = PBXFileReference; fileEncoding = 4; lastKnownFileType = text.json; path = Config.json; sourceTree = "<group>"; };
		7E66E6581FF368BA006E4245 /* TencentOpenAPI.framework */ = {isa = PBXFileReference; lastKnownFileType = wrapper.framework; path = TencentOpenAPI.framework; sourceTree = "<group>"; };
		7E66E6591FF368BA006E4245 /* TencentOpenApi_IOS_Bundle.bundle */ = {isa = PBXFileReference; lastKnownFileType = "wrapper.plug-in"; path = TencentOpenApi_IOS_Bundle.bundle; sourceTree = "<group>"; };
		7E66E65B1FF368BB006E4245 /* libWeChatSDK.a */ = {isa = PBXFileReference; lastKnownFileType = archive.ar; path = libWeChatSDK.a; sourceTree = "<group>"; };
		7E66E65C1FF368BB006E4245 /* WechatAuthSDK.h */ = {isa = PBXFileReference; fileEncoding = 4; lastKnownFileType = sourcecode.c.h; path = WechatAuthSDK.h; sourceTree = "<group>"; };
		7E66E65D1FF368BB006E4245 /* WXApi.h */ = {isa = PBXFileReference; fileEncoding = 4; lastKnownFileType = sourcecode.c.h; path = WXApi.h; sourceTree = "<group>"; };
		7E66E65E1FF368BB006E4245 /* WXApiObject.h */ = {isa = PBXFileReference; fileEncoding = 4; lastKnownFileType = sourcecode.c.h; path = WXApiObject.h; sourceTree = "<group>"; };
		7E66E6621FF36BBA006E4245 /* SystemConfiguration.framework */ = {isa = PBXFileReference; lastKnownFileType = wrapper.framework; name = SystemConfiguration.framework; path = System/Library/Frameworks/SystemConfiguration.framework; sourceTree = SDKROOT; };
		7E66E6641FF36C47006E4245 /* libz.1.dylib */ = {isa = PBXFileReference; lastKnownFileType = "compiled.mach-o.dylib"; name = libz.1.dylib; path = ../../../../usr/lib/libz.1.dylib; sourceTree = "<group>"; };
		7E66E6661FF36C63006E4245 /* libc++.1.dylib */ = {isa = PBXFileReference; lastKnownFileType = "compiled.mach-o.dylib"; name = "libc++.1.dylib"; path = "../../../../usr/lib/libc++.1.dylib"; sourceTree = "<group>"; };
		7E66E6681FF36C90006E4245 /* libsqlite3.dylib */ = {isa = PBXFileReference; lastKnownFileType = "compiled.mach-o.dylib"; name = libsqlite3.dylib; path = ../../../../usr/lib/libsqlite3.dylib; sourceTree = "<group>"; };
		7E66E66A1FF36C9D006E4245 /* Security.framework */ = {isa = PBXFileReference; lastKnownFileType = wrapper.framework; name = Security.framework; path = System/Library/Frameworks/Security.framework; sourceTree = SDKROOT; };
		7E66E66C1FF36CB0006E4245 /* CoreTelephony.framework */ = {isa = PBXFileReference; lastKnownFileType = wrapper.framework; name = CoreTelephony.framework; path = System/Library/Frameworks/CoreTelephony.framework; sourceTree = SDKROOT; };
		7E66E66E1FF36CBC006E4245 /* CFNetwork.framework */ = {isa = PBXFileReference; lastKnownFileType = wrapper.framework; name = CFNetwork.framework; path = System/Library/Frameworks/CFNetwork.framework; sourceTree = SDKROOT; };
		7E66E6711FF37AD3006E4245 /* AlipayTool.h */ = {isa = PBXFileReference; fileEncoding = 4; lastKnownFileType = sourcecode.c.h; path = AlipayTool.h; sourceTree = "<group>"; };
		7E66E6721FF37AD3006E4245 /* AlipayTool.m */ = {isa = PBXFileReference; fileEncoding = 4; lastKnownFileType = sourcecode.c.objc; path = AlipayTool.m; sourceTree = "<group>"; };
		7E66E6731FF37AD3006E4245 /* APAuthInfo.h */ = {isa = PBXFileReference; fileEncoding = 4; lastKnownFileType = sourcecode.c.h; path = APAuthInfo.h; sourceTree = "<group>"; };
		7E66E6741FF37AD3006E4245 /* APAuthInfo.m */ = {isa = PBXFileReference; fileEncoding = 4; lastKnownFileType = sourcecode.c.objc; path = APAuthInfo.m; sourceTree = "<group>"; };
		7E66E6751FF37AD3006E4245 /* APOrderInfo.h */ = {isa = PBXFileReference; fileEncoding = 4; lastKnownFileType = sourcecode.c.h; path = APOrderInfo.h; sourceTree = "<group>"; };
		7E66E6761FF37AD3006E4245 /* APOrderInfo.m */ = {isa = PBXFileReference; fileEncoding = 4; lastKnownFileType = sourcecode.c.objc; path = APOrderInfo.m; sourceTree = "<group>"; };
		7E66E6771FF37AD3006E4245 /* libcrypto.a */ = {isa = PBXFileReference; lastKnownFileType = archive.ar; path = libcrypto.a; sourceTree = "<group>"; };
		7E66E6781FF37AD3006E4245 /* libssl.a */ = {isa = PBXFileReference; lastKnownFileType = archive.ar; path = libssl.a; sourceTree = "<group>"; };
		7E66E67A1FF37AD3006E4245 /* aes.h */ = {isa = PBXFileReference; fileEncoding = 4; lastKnownFileType = sourcecode.c.h; path = aes.h; sourceTree = "<group>"; };
		7E66E67B1FF37AD3006E4245 /* asn1.h */ = {isa = PBXFileReference; fileEncoding = 4; lastKnownFileType = sourcecode.c.h; path = asn1.h; sourceTree = "<group>"; };
		7E66E67C1FF37AD3006E4245 /* asn1_mac.h */ = {isa = PBXFileReference; fileEncoding = 4; lastKnownFileType = sourcecode.c.h; path = asn1_mac.h; sourceTree = "<group>"; };
		7E66E67D1FF37AD3006E4245 /* asn1t.h */ = {isa = PBXFileReference; fileEncoding = 4; lastKnownFileType = sourcecode.c.h; path = asn1t.h; sourceTree = "<group>"; };
		7E66E67E1FF37AD3006E4245 /* bio.h */ = {isa = PBXFileReference; fileEncoding = 4; lastKnownFileType = sourcecode.c.h; path = bio.h; sourceTree = "<group>"; };
		7E66E67F1FF37AD3006E4245 /* blowfish.h */ = {isa = PBXFileReference; fileEncoding = 4; lastKnownFileType = sourcecode.c.h; path = blowfish.h; sourceTree = "<group>"; };
		7E66E6801FF37AD3006E4245 /* bn.h */ = {isa = PBXFileReference; fileEncoding = 4; lastKnownFileType = sourcecode.c.h; path = bn.h; sourceTree = "<group>"; };
		7E66E6811FF37AD3006E4245 /* buffer.h */ = {isa = PBXFileReference; fileEncoding = 4; lastKnownFileType = sourcecode.c.h; path = buffer.h; sourceTree = "<group>"; };
		7E66E6821FF37AD3006E4245 /* camellia.h */ = {isa = PBXFileReference; fileEncoding = 4; lastKnownFileType = sourcecode.c.h; path = camellia.h; sourceTree = "<group>"; };
		7E66E6831FF37AD3006E4245 /* cast.h */ = {isa = PBXFileReference; fileEncoding = 4; lastKnownFileType = sourcecode.c.h; path = cast.h; sourceTree = "<group>"; };
		7E66E6841FF37AD3006E4245 /* cmac.h */ = {isa = PBXFileReference; fileEncoding = 4; lastKnownFileType = sourcecode.c.h; path = cmac.h; sourceTree = "<group>"; };
		7E66E6851FF37AD3006E4245 /* cms.h */ = {isa = PBXFileReference; fileEncoding = 4; lastKnownFileType = sourcecode.c.h; path = cms.h; sourceTree = "<group>"; };
		7E66E6861FF37AD3006E4245 /* comp.h */ = {isa = PBXFileReference; fileEncoding = 4; lastKnownFileType = sourcecode.c.h; path = comp.h; sourceTree = "<group>"; };
		7E66E6871FF37AD3006E4245 /* conf.h */ = {isa = PBXFileReference; fileEncoding = 4; lastKnownFileType = sourcecode.c.h; path = conf.h; sourceTree = "<group>"; };
		7E66E6881FF37AD3006E4245 /* conf_api.h */ = {isa = PBXFileReference; fileEncoding = 4; lastKnownFileType = sourcecode.c.h; path = conf_api.h; sourceTree = "<group>"; };
		7E66E6891FF37AD3006E4245 /* crypto.h */ = {isa = PBXFileReference; fileEncoding = 4; lastKnownFileType = sourcecode.c.h; path = crypto.h; sourceTree = "<group>"; };
		7E66E68A1FF37AD3006E4245 /* des.h */ = {isa = PBXFileReference; fileEncoding = 4; lastKnownFileType = sourcecode.c.h; path = des.h; sourceTree = "<group>"; };
		7E66E68B1FF37AD3006E4245 /* des_old.h */ = {isa = PBXFileReference; fileEncoding = 4; lastKnownFileType = sourcecode.c.h; path = des_old.h; sourceTree = "<group>"; };
		7E66E68C1FF37AD3006E4245 /* dh.h */ = {isa = PBXFileReference; fileEncoding = 4; lastKnownFileType = sourcecode.c.h; path = dh.h; sourceTree = "<group>"; };
		7E66E68D1FF37AD3006E4245 /* dsa.h */ = {isa = PBXFileReference; fileEncoding = 4; lastKnownFileType = sourcecode.c.h; path = dsa.h; sourceTree = "<group>"; };
		7E66E68E1FF37AD3006E4245 /* dso.h */ = {isa = PBXFileReference; fileEncoding = 4; lastKnownFileType = sourcecode.c.h; path = dso.h; sourceTree = "<group>"; };
		7E66E68F1FF37AD3006E4245 /* dtls1.h */ = {isa = PBXFileReference; fileEncoding = 4; lastKnownFileType = sourcecode.c.h; path = dtls1.h; sourceTree = "<group>"; };
		7E66E6901FF37AD3006E4245 /* e_os2.h */ = {isa = PBXFileReference; fileEncoding = 4; lastKnownFileType = sourcecode.c.h; path = e_os2.h; sourceTree = "<group>"; };
		7E66E6911FF37AD3006E4245 /* ebcdic.h */ = {isa = PBXFileReference; fileEncoding = 4; lastKnownFileType = sourcecode.c.h; path = ebcdic.h; sourceTree = "<group>"; };
		7E66E6921FF37AD3006E4245 /* ec.h */ = {isa = PBXFileReference; fileEncoding = 4; lastKnownFileType = sourcecode.c.h; path = ec.h; sourceTree = "<group>"; };
		7E66E6931FF37AD3006E4245 /* ecdh.h */ = {isa = PBXFileReference; fileEncoding = 4; lastKnownFileType = sourcecode.c.h; path = ecdh.h; sourceTree = "<group>"; };
		7E66E6941FF37AD3006E4245 /* ecdsa.h */ = {isa = PBXFileReference; fileEncoding = 4; lastKnownFileType = sourcecode.c.h; path = ecdsa.h; sourceTree = "<group>"; };
		7E66E6951FF37AD3006E4245 /* engine.h */ = {isa = PBXFileReference; fileEncoding = 4; lastKnownFileType = sourcecode.c.h; path = engine.h; sourceTree = "<group>"; };
		7E66E6961FF37AD3006E4245 /* err.h */ = {isa = PBXFileReference; fileEncoding = 4; lastKnownFileType = sourcecode.c.h; path = err.h; sourceTree = "<group>"; };
		7E66E6971FF37AD3006E4245 /* evp.h */ = {isa = PBXFileReference; fileEncoding = 4; lastKnownFileType = sourcecode.c.h; path = evp.h; sourceTree = "<group>"; };
		7E66E6981FF37AD3006E4245 /* hmac.h */ = {isa = PBXFileReference; fileEncoding = 4; lastKnownFileType = sourcecode.c.h; path = hmac.h; sourceTree = "<group>"; };
		7E66E6991FF37AD3006E4245 /* idea.h */ = {isa = PBXFileReference; fileEncoding = 4; lastKnownFileType = sourcecode.c.h; path = idea.h; sourceTree = "<group>"; };
		7E66E69A1FF37AD3006E4245 /* krb5_asn.h */ = {isa = PBXFileReference; fileEncoding = 4; lastKnownFileType = sourcecode.c.h; path = krb5_asn.h; sourceTree = "<group>"; };
		7E66E69B1FF37AD3006E4245 /* kssl.h */ = {isa = PBXFileReference; fileEncoding = 4; lastKnownFileType = sourcecode.c.h; path = kssl.h; sourceTree = "<group>"; };
		7E66E69C1FF37AD3006E4245 /* lhash.h */ = {isa = PBXFileReference; fileEncoding = 4; lastKnownFileType = sourcecode.c.h; path = lhash.h; sourceTree = "<group>"; };
		7E66E69D1FF37AD3006E4245 /* md4.h */ = {isa = PBXFileReference; fileEncoding = 4; lastKnownFileType = sourcecode.c.h; path = md4.h; sourceTree = "<group>"; };
		7E66E69E1FF37AD3006E4245 /* md5.h */ = {isa = PBXFileReference; fileEncoding = 4; lastKnownFileType = sourcecode.c.h; path = md5.h; sourceTree = "<group>"; };
		7E66E69F1FF37AD3006E4245 /* mdc2.h */ = {isa = PBXFileReference; fileEncoding = 4; lastKnownFileType = sourcecode.c.h; path = mdc2.h; sourceTree = "<group>"; };
		7E66E6A01FF37AD3006E4245 /* modes.h */ = {isa = PBXFileReference; fileEncoding = 4; lastKnownFileType = sourcecode.c.h; path = modes.h; sourceTree = "<group>"; };
		7E66E6A11FF37AD3006E4245 /* obj_mac.h */ = {isa = PBXFileReference; fileEncoding = 4; lastKnownFileType = sourcecode.c.h; path = obj_mac.h; sourceTree = "<group>"; };
		7E66E6A21FF37AD3006E4245 /* objects.h */ = {isa = PBXFileReference; fileEncoding = 4; lastKnownFileType = sourcecode.c.h; path = objects.h; sourceTree = "<group>"; };
		7E66E6A31FF37AD3006E4245 /* ocsp.h */ = {isa = PBXFileReference; fileEncoding = 4; lastKnownFileType = sourcecode.c.h; path = ocsp.h; sourceTree = "<group>"; };
		7E66E6A41FF37AD3006E4245 /* opensslconf.h */ = {isa = PBXFileReference; fileEncoding = 4; lastKnownFileType = sourcecode.c.h; path = opensslconf.h; sourceTree = "<group>"; };
		7E66E6A51FF37AD3006E4245 /* opensslv.h */ = {isa = PBXFileReference; fileEncoding = 4; lastKnownFileType = sourcecode.c.h; path = opensslv.h; sourceTree = "<group>"; };
		7E66E6A61FF37AD3006E4245 /* ossl_typ.h */ = {isa = PBXFileReference; fileEncoding = 4; lastKnownFileType = sourcecode.c.h; path = ossl_typ.h; sourceTree = "<group>"; };
		7E66E6A71FF37AD3006E4245 /* pem.h */ = {isa = PBXFileReference; fileEncoding = 4; lastKnownFileType = sourcecode.c.h; path = pem.h; sourceTree = "<group>"; };
		7E66E6A81FF37AD3006E4245 /* pem2.h */ = {isa = PBXFileReference; fileEncoding = 4; lastKnownFileType = sourcecode.c.h; path = pem2.h; sourceTree = "<group>"; };
		7E66E6A91FF37AD3006E4245 /* pkcs12.h */ = {isa = PBXFileReference; fileEncoding = 4; lastKnownFileType = sourcecode.c.h; path = pkcs12.h; sourceTree = "<group>"; };
		7E66E6AA1FF37AD3006E4245 /* pkcs7.h */ = {isa = PBXFileReference; fileEncoding = 4; lastKnownFileType = sourcecode.c.h; path = pkcs7.h; sourceTree = "<group>"; };
		7E66E6AB1FF37AD3006E4245 /* pqueue.h */ = {isa = PBXFileReference; fileEncoding = 4; lastKnownFileType = sourcecode.c.h; path = pqueue.h; sourceTree = "<group>"; };
		7E66E6AC1FF37AD3006E4245 /* rand.h */ = {isa = PBXFileReference; fileEncoding = 4; lastKnownFileType = sourcecode.c.h; path = rand.h; sourceTree = "<group>"; };
		7E66E6AD1FF37AD3006E4245 /* rc2.h */ = {isa = PBXFileReference; fileEncoding = 4; lastKnownFileType = sourcecode.c.h; path = rc2.h; sourceTree = "<group>"; };
		7E66E6AE1FF37AD3006E4245 /* rc4.h */ = {isa = PBXFileReference; fileEncoding = 4; lastKnownFileType = sourcecode.c.h; path = rc4.h; sourceTree = "<group>"; };
		7E66E6AF1FF37AD3006E4245 /* ripemd.h */ = {isa = PBXFileReference; fileEncoding = 4; lastKnownFileType = sourcecode.c.h; path = ripemd.h; sourceTree = "<group>"; };
		7E66E6B01FF37AD3006E4245 /* rsa.h */ = {isa = PBXFileReference; fileEncoding = 4; lastKnownFileType = sourcecode.c.h; path = rsa.h; sourceTree = "<group>"; };
		7E66E6B11FF37AD3006E4245 /* safestack.h */ = {isa = PBXFileReference; fileEncoding = 4; lastKnownFileType = sourcecode.c.h; path = safestack.h; sourceTree = "<group>"; };
		7E66E6B21FF37AD3006E4245 /* seed.h */ = {isa = PBXFileReference; fileEncoding = 4; lastKnownFileType = sourcecode.c.h; path = seed.h; sourceTree = "<group>"; };
		7E66E6B31FF37AD3006E4245 /* sha.h */ = {isa = PBXFileReference; fileEncoding = 4; lastKnownFileType = sourcecode.c.h; path = sha.h; sourceTree = "<group>"; };
		7E66E6B41FF37AD3006E4245 /* srp.h */ = {isa = PBXFileReference; fileEncoding = 4; lastKnownFileType = sourcecode.c.h; path = srp.h; sourceTree = "<group>"; };
		7E66E6B51FF37AD3006E4245 /* srtp.h */ = {isa = PBXFileReference; fileEncoding = 4; lastKnownFileType = sourcecode.c.h; path = srtp.h; sourceTree = "<group>"; };
		7E66E6B61FF37AD3006E4245 /* ssl.h */ = {isa = PBXFileReference; fileEncoding = 4; lastKnownFileType = sourcecode.c.h; path = ssl.h; sourceTree = "<group>"; };
		7E66E6B71FF37AD3006E4245 /* ssl2.h */ = {isa = PBXFileReference; fileEncoding = 4; lastKnownFileType = sourcecode.c.h; path = ssl2.h; sourceTree = "<group>"; };
		7E66E6B81FF37AD3006E4245 /* ssl23.h */ = {isa = PBXFileReference; fileEncoding = 4; lastKnownFileType = sourcecode.c.h; path = ssl23.h; sourceTree = "<group>"; };
		7E66E6B91FF37AD3006E4245 /* ssl3.h */ = {isa = PBXFileReference; fileEncoding = 4; lastKnownFileType = sourcecode.c.h; path = ssl3.h; sourceTree = "<group>"; };
		7E66E6BA1FF37AD3006E4245 /* stack.h */ = {isa = PBXFileReference; fileEncoding = 4; lastKnownFileType = sourcecode.c.h; path = stack.h; sourceTree = "<group>"; };
		7E66E6BB1FF37AD3006E4245 /* symhacks.h */ = {isa = PBXFileReference; fileEncoding = 4; lastKnownFileType = sourcecode.c.h; path = symhacks.h; sourceTree = "<group>"; };
		7E66E6BC1FF37AD3006E4245 /* tls1.h */ = {isa = PBXFileReference; fileEncoding = 4; lastKnownFileType = sourcecode.c.h; path = tls1.h; sourceTree = "<group>"; };
		7E66E6BD1FF37AD3006E4245 /* ts.h */ = {isa = PBXFileReference; fileEncoding = 4; lastKnownFileType = sourcecode.c.h; path = ts.h; sourceTree = "<group>"; };
		7E66E6BE1FF37AD3006E4245 /* txt_db.h */ = {isa = PBXFileReference; fileEncoding = 4; lastKnownFileType = sourcecode.c.h; path = txt_db.h; sourceTree = "<group>"; };
		7E66E6BF1FF37AD3006E4245 /* ui.h */ = {isa = PBXFileReference; fileEncoding = 4; lastKnownFileType = sourcecode.c.h; path = ui.h; sourceTree = "<group>"; };
		7E66E6C01FF37AD3006E4245 /* ui_compat.h */ = {isa = PBXFileReference; fileEncoding = 4; lastKnownFileType = sourcecode.c.h; path = ui_compat.h; sourceTree = "<group>"; };
		7E66E6C11FF37AD3006E4245 /* whrlpool.h */ = {isa = PBXFileReference; fileEncoding = 4; lastKnownFileType = sourcecode.c.h; path = whrlpool.h; sourceTree = "<group>"; };
		7E66E6C21FF37AD3006E4245 /* x509.h */ = {isa = PBXFileReference; fileEncoding = 4; lastKnownFileType = sourcecode.c.h; path = x509.h; sourceTree = "<group>"; };
		7E66E6C31FF37AD3006E4245 /* x509_vfy.h */ = {isa = PBXFileReference; fileEncoding = 4; lastKnownFileType = sourcecode.c.h; path = x509_vfy.h; sourceTree = "<group>"; };
		7E66E6C41FF37AD3006E4245 /* x509v3.h */ = {isa = PBXFileReference; fileEncoding = 4; lastKnownFileType = sourcecode.c.h; path = x509v3.h; sourceTree = "<group>"; };
		7E66E6C61FF37AD3006E4245 /* APRSASigner.h */ = {isa = PBXFileReference; fileEncoding = 4; lastKnownFileType = sourcecode.c.h; path = APRSASigner.h; sourceTree = "<group>"; };
		7E66E6C71FF37AD3006E4245 /* APRSASigner.m */ = {isa = PBXFileReference; fileEncoding = 4; lastKnownFileType = sourcecode.c.objc; path = APRSASigner.m; sourceTree = "<group>"; };
		7E66E6C81FF37AD3006E4245 /* openssl_wrapper.h */ = {isa = PBXFileReference; fileEncoding = 4; lastKnownFileType = sourcecode.c.h; path = openssl_wrapper.h; sourceTree = "<group>"; };
		7E66E6C91FF37AD3006E4245 /* openssl_wrapper.m */ = {isa = PBXFileReference; fileEncoding = 4; lastKnownFileType = sourcecode.c.objc; path = openssl_wrapper.m; sourceTree = "<group>"; };
		7E66E6CB1FF37AD4006E4245 /* ApiXml.h */ = {isa = PBXFileReference; fileEncoding = 4; lastKnownFileType = sourcecode.c.h; path = ApiXml.h; sourceTree = "<group>"; };
		7E66E6CC1FF37AD4006E4245 /* ApiXml.mm */ = {isa = PBXFileReference; fileEncoding = 4; lastKnownFileType = sourcecode.cpp.objcpp; path = ApiXml.mm; sourceTree = "<group>"; };
		7E66E6CD1FF37AD4006E4245 /* payRequsestHandler.h */ = {isa = PBXFileReference; fileEncoding = 4; lastKnownFileType = sourcecode.c.h; path = payRequsestHandler.h; sourceTree = "<group>"; };
		7E66E6CE1FF37AD4006E4245 /* payRequsestHandler.mm */ = {isa = PBXFileReference; fileEncoding = 4; lastKnownFileType = sourcecode.cpp.objcpp; path = payRequsestHandler.mm; sourceTree = "<group>"; };
		7E66E6CF1FF37AD4006E4245 /* WechatAuthSDK.h */ = {isa = PBXFileReference; fileEncoding = 4; lastKnownFileType = sourcecode.c.h; path = WechatAuthSDK.h; sourceTree = "<group>"; };
		7E66E6D01FF37AD4006E4245 /* WeChatOrder.h */ = {isa = PBXFileReference; fileEncoding = 4; lastKnownFileType = sourcecode.c.h; path = WeChatOrder.h; sourceTree = "<group>"; };
		7E66E6D11FF37AD4006E4245 /* WeChatOrder.m */ = {isa = PBXFileReference; fileEncoding = 4; lastKnownFileType = sourcecode.c.objc; path = WeChatOrder.m; sourceTree = "<group>"; };
		7E66E6D21FF37AD4006E4245 /* WXUtil.h */ = {isa = PBXFileReference; fileEncoding = 4; lastKnownFileType = sourcecode.c.h; path = WXUtil.h; sourceTree = "<group>"; };
		7E66E6D31FF37AD4006E4245 /* WXUtil.mm */ = {isa = PBXFileReference; fileEncoding = 4; lastKnownFileType = sourcecode.cpp.objcpp; path = WXUtil.mm; sourceTree = "<group>"; };
		7E66E6E01FF37AE7006E4245 /* AlipaySDK.bundle */ = {isa = PBXFileReference; lastKnownFileType = "wrapper.plug-in"; path = AlipaySDK.bundle; sourceTree = "<group>"; };
		7E66E6E11FF37AE7006E4245 /* AlipaySDK.framework */ = {isa = PBXFileReference; lastKnownFileType = wrapper.framework; path = AlipaySDK.framework; sourceTree = "<group>"; };
		7E66E6E41FF37BDD006E4245 /* QuartzCore.framework */ = {isa = PBXFileReference; lastKnownFileType = wrapper.framework; name = QuartzCore.framework; path = System/Library/Frameworks/QuartzCore.framework; sourceTree = SDKROOT; };
		7E66E6E61FF37BEC006E4245 /* libz.tbd */ = {isa = PBXFileReference; lastKnownFileType = "sourcecode.text-based-dylib-definition"; name = libz.tbd; path = usr/lib/libz.tbd; sourceTree = SDKROOT; };
		7E66E6E81FF37BF4006E4245 /* libc++.tbd */ = {isa = PBXFileReference; lastKnownFileType = "sourcecode.text-based-dylib-definition"; name = "libc++.tbd"; path = "usr/lib/libc++.tbd"; sourceTree = SDKROOT; };
		7E66E6EA1FF37C02006E4245 /* CoreText.framework */ = {isa = PBXFileReference; lastKnownFileType = wrapper.framework; name = CoreText.framework; path = System/Library/Frameworks/CoreText.framework; sourceTree = SDKROOT; };
		7E66E6EC1FF37C0F006E4245 /* CoreGraphics.framework */ = {isa = PBXFileReference; lastKnownFileType = wrapper.framework; name = CoreGraphics.framework; path = System/Library/Frameworks/CoreGraphics.framework; sourceTree = SDKROOT; };
		7E66E6EE1FF37C1F006E4245 /* CoreMotion.framework */ = {isa = PBXFileReference; lastKnownFileType = wrapper.framework; name = CoreMotion.framework; path = System/Library/Frameworks/CoreMotion.framework; sourceTree = SDKROOT; };
		7E66E6F01FF37C28006E4245 /* UIKit.framework */ = {isa = PBXFileReference; lastKnownFileType = wrapper.framework; name = UIKit.framework; path = System/Library/Frameworks/UIKit.framework; sourceTree = SDKROOT; };
		7E66E6F21FF37C37006E4245 /* Foundation.framework */ = {isa = PBXFileReference; lastKnownFileType = wrapper.framework; name = Foundation.framework; path = System/Library/Frameworks/Foundation.framework; sourceTree = SDKROOT; };
		7E66E6F51FF38929006E4245 /* CYLoginViewController.h */ = {isa = PBXFileReference; lastKnownFileType = sourcecode.c.h; path = CYLoginViewController.h; sourceTree = "<group>"; };
		7E66E6F61FF38929006E4245 /* CYLoginViewController.m */ = {isa = PBXFileReference; lastKnownFileType = sourcecode.c.objc; path = CYLoginViewController.m; sourceTree = "<group>"; };
		7E66E6F71FF38929006E4245 /* CYLoginViewController.xib */ = {isa = PBXFileReference; lastKnownFileType = file.xib; path = CYLoginViewController.xib; sourceTree = "<group>"; };
		7E66E6FB1FF38E8A006E4245 /* PuchaseTool.h */ = {isa = PBXFileReference; lastKnownFileType = sourcecode.c.h; path = PuchaseTool.h; sourceTree = "<group>"; };
		7E66E6FC1FF38E8A006E4245 /* PuchaseTool.m */ = {isa = PBXFileReference; lastKnownFileType = sourcecode.c.objc; path = PuchaseTool.m; sourceTree = "<group>"; };
		8CC48360F2D82AA7C923D988 /* libPods-ThirdPartyShareLoginAndPay.a */ = {isa = PBXFileReference; explicitFileType = archive.ar; includeInIndex = 0; path = "libPods-ThirdPartyShareLoginAndPay.a"; sourceTree = BUILT_PRODUCTS_DIR; };
		A6CEB5D976D8285796FB48A5 /* libPods-ThirdPartyShareLoginAndPayTests.a */ = {isa = PBXFileReference; explicitFileType = archive.ar; includeInIndex = 0; path = "libPods-ThirdPartyShareLoginAndPayTests.a"; sourceTree = BUILT_PRODUCTS_DIR; };
		C04C9B0EDB9568CA220201FF /* Pods-ThirdPartyShareLoginAndPay.debug.xcconfig */ = {isa = PBXFileReference; includeInIndex = 1; lastKnownFileType = text.xcconfig; name = "Pods-ThirdPartyShareLoginAndPay.debug.xcconfig"; path = "Pods/Target Support Files/Pods-ThirdPartyShareLoginAndPay/Pods-ThirdPartyShareLoginAndPay.debug.xcconfig"; sourceTree = "<group>"; };
		CD5A371732C022A0217FC1A4 /* Pods-ThirdPartyShareLoginAndPay.release.xcconfig */ = {isa = PBXFileReference; includeInIndex = 1; lastKnownFileType = text.xcconfig; name = "Pods-ThirdPartyShareLoginAndPay.release.xcconfig"; path = "Pods/Target Support Files/Pods-ThirdPartyShareLoginAndPay/Pods-ThirdPartyShareLoginAndPay.release.xcconfig"; sourceTree = "<group>"; };
		CEF6A65FB06A70CFB8FB64EC /* Pods-ThirdPartyShareLoginAndPayTests.debug.xcconfig */ = {isa = PBXFileReference; includeInIndex = 1; lastKnownFileType = text.xcconfig; name = "Pods-ThirdPartyShareLoginAndPayTests.debug.xcconfig"; path = "Pods/Target Support Files/Pods-ThirdPartyShareLoginAndPayTests/Pods-ThirdPartyShareLoginAndPayTests.debug.xcconfig"; sourceTree = "<group>"; };
		D14655F3C549E365AB7B57C5 /* Pods-ThirdPartyShareLoginAndPayUITests.debug.xcconfig */ = {isa = PBXFileReference; includeInIndex = 1; lastKnownFileType = text.xcconfig; name = "Pods-ThirdPartyShareLoginAndPayUITests.debug.xcconfig"; path = "Pods/Target Support Files/Pods-ThirdPartyShareLoginAndPayUITests/Pods-ThirdPartyShareLoginAndPayUITests.debug.xcconfig"; sourceTree = "<group>"; };
		E58D42FFD5E5AE8FA08473E5 /* libPods-ThirdPartyShareLoginAndPayUITests.a */ = {isa = PBXFileReference; explicitFileType = archive.ar; includeInIndex = 0; path = "libPods-ThirdPartyShareLoginAndPayUITests.a"; sourceTree = BUILT_PRODUCTS_DIR; };
/* End PBXFileReference section */

/* Begin PBXFrameworksBuildPhase section */
		7E66E58A1FF334D9006E4245 /* Frameworks */ = {
			isa = PBXFrameworksBuildPhase;
			buildActionMask = 2147483647;
			files = (
				7E66E6F31FF37C37006E4245 /* Foundation.framework in Frameworks */,
				7E66E6F11FF37C28006E4245 /* UIKit.framework in Frameworks */,
				7E66E6EF1FF37C20006E4245 /* CoreMotion.framework in Frameworks */,
				7E66E6ED1FF37C0F006E4245 /* CoreGraphics.framework in Frameworks */,
				7E66E6EB1FF37C03006E4245 /* CoreText.framework in Frameworks */,
				7E66E6E91FF37BF4006E4245 /* libc++.tbd in Frameworks */,
				7E66E6E71FF37BEC006E4245 /* libz.tbd in Frameworks */,
				7E66E6E51FF37BDD006E4245 /* QuartzCore.framework in Frameworks */,
				7E66E66F1FF36CBC006E4245 /* CFNetwork.framework in Frameworks */,
				7E66E66D1FF36CB0006E4245 /* CoreTelephony.framework in Frameworks */,
				7E66E66B1FF36C9D006E4245 /* Security.framework in Frameworks */,
				7E66E6691FF36C90006E4245 /* libsqlite3.dylib in Frameworks */,
				7E66E6671FF36C63006E4245 /* libc++.1.dylib in Frameworks */,
				7E66E6651FF36C47006E4245 /* libz.1.dylib in Frameworks */,
				7E66E6D71FF37AD4006E4245 /* libcrypto.a in Frameworks */,
				7E66E6631FF36BBB006E4245 /* SystemConfiguration.framework in Frameworks */,
				7E66E6D81FF37AD4006E4245 /* libssl.a in Frameworks */,
				5D326329308F9D4078714BF5 /* libPods-ThirdPartyShareLoginAndPay.a in Frameworks */,
				7E66E6E31FF37AE7006E4245 /* AlipaySDK.framework in Frameworks */,
				7E66E65F1FF368BC006E4245 /* TencentOpenAPI.framework in Frameworks */,
				7E66E6611FF368BC006E4245 /* libWeChatSDK.a in Frameworks */,
			);
			runOnlyForDeploymentPostprocessing = 0;
		};
		7E66E5A21FF334D9006E4245 /* Frameworks */ = {
			isa = PBXFrameworksBuildPhase;
			buildActionMask = 2147483647;
			files = (
				428480E418EBD2EC0CEB1641 /* libPods-ThirdPartyShareLoginAndPayTests.a in Frameworks */,
			);
			runOnlyForDeploymentPostprocessing = 0;
		};
		7E66E5AD1FF334D9006E4245 /* Frameworks */ = {
			isa = PBXFrameworksBuildPhase;
			buildActionMask = 2147483647;
			files = (
				21DECD9FD13BF9D9589EF9C0 /* libPods-ThirdPartyShareLoginAndPayUITests.a in Frameworks */,
			);
			runOnlyForDeploymentPostprocessing = 0;
		};
/* End PBXFrameworksBuildPhase section */

/* Begin PBXGroup section */
		7E66E5841FF334D9006E4245 = {
			isa = PBXGroup;
			children = (
				7E66E58F1FF334D9006E4245 /* ThirdPartyShareLoginAndPay */,
				7E66E5A81FF334D9006E4245 /* ThirdPartyShareLoginAndPayTests */,
				7E66E5B31FF334D9006E4245 /* ThirdPartyShareLoginAndPayUITests */,
				7E66E58E1FF334D9006E4245 /* Products */,
				E2283595680F5BA222A646EF /* Pods */,
				9F0761E24814AACF359CBA99 /* Frameworks */,
			);
			sourceTree = "<group>";
		};
		7E66E58E1FF334D9006E4245 /* Products */ = {
			isa = PBXGroup;
			children = (
				7E66E58D1FF334D9006E4245 /* ThirdPartyShareLoginAndPay.app */,
				7E66E5A51FF334D9006E4245 /* ThirdPartyShareLoginAndPayTests.xctest */,
				7E66E5B01FF334D9006E4245 /* ThirdPartyShareLoginAndPayUITests.xctest */,
			);
			name = Products;
			sourceTree = "<group>";
		};
		7E66E58F1FF334D9006E4245 /* ThirdPartyShareLoginAndPay */ = {
			isa = PBXGroup;
			children = (
				7E66E5C21FF33510006E4245 /* Classes */,
				7E66E5901FF334D9006E4245 /* AppDelegate.h */,
				7E66E5911FF334D9006E4245 /* AppDelegate.m */,
				7E66E59E1FF334D9006E4245 /* Info.plist */,
			);
			path = ThirdPartyShareLoginAndPay;
			sourceTree = "<group>";
		};
		7E66E5A81FF334D9006E4245 /* ThirdPartyShareLoginAndPayTests */ = {
			isa = PBXGroup;
			children = (
				7E66E5A91FF334D9006E4245 /* ThirdPartyShareLoginAndPayTests.m */,
				7E66E5AB1FF334D9006E4245 /* Info.plist */,
			);
			path = ThirdPartyShareLoginAndPayTests;
			sourceTree = "<group>";
		};
		7E66E5B31FF334D9006E4245 /* ThirdPartyShareLoginAndPayUITests */ = {
			isa = PBXGroup;
			children = (
				7E66E5B41FF334D9006E4245 /* ThirdPartyShareLoginAndPayUITests.m */,
				7E66E5B61FF334D9006E4245 /* Info.plist */,
			);
			path = ThirdPartyShareLoginAndPayUITests;
			sourceTree = "<group>";
		};
		7E66E5C21FF33510006E4245 /* Classes */ = {
			isa = PBXGroup;
			children = (
				7E66E63B1FF3643C006E4245 /* Library */,
				7E66E63A1FF3642E006E4245 /* Utils */,
				7E66E5F01FF360AA006E4245 /* Category */,
				7E66E5EF1FF36026006E4245 /* Common */,
				7E66E5CE1FF34441006E4245 /* Section */,
				7E66E5C41FF34387006E4245 /* Main */,
				7E66E5C31FF3351A006E4245 /* Others */,
			);
			path = Classes;
			sourceTree = "<group>";
		};
		7E66E5C31FF3351A006E4245 /* Others */ = {
			isa = PBXGroup;
			children = (
				7E66E5931FF334D9006E4245 /* ViewController.h */,
				7E66E5941FF334D9006E4245 /* ViewController.m */,
				7E66E5961FF334D9006E4245 /* Main.storyboard */,
				7E66E5991FF334D9006E4245 /* Assets.xcassets */,
				7E66E59B1FF334D9006E4245 /* LaunchScreen.storyboard */,
				7E66E59F1FF334D9006E4245 /* main.m */,
				7E66E5EA1FF3519D006E4245 /* ThirdPartyPrefixHeader.pch */,
			);
			path = Others;
			sourceTree = "<group>";
		};
		7E66E5C41FF34387006E4245 /* Main */ = {
			isa = PBXGroup;
			children = (
				7E66E5C51FF343E6006E4245 /* CYMainTabBarViewController.h */,
				7E66E5C61FF343E6006E4245 /* CYMainTabBarViewController.m */,
				7E66E5C81FF34404006E4245 /* CYBaseViewController.h */,
				7E66E5C91FF34404006E4245 /* CYBaseViewController.m */,
				7E66E5CB1FF34438006E4245 /* CYBaseNavigationViewController.h */,
				7E66E5CC1FF34438006E4245 /* CYBaseNavigationViewController.m */,
			);
			path = Main;
			sourceTree = "<group>";
		};
		7E66E5CE1FF34441006E4245 /* Section */ = {
			isa = PBXGroup;
			children = (
				7E66E6F41FF388CB006E4245 /* Login-三方登录 */,
				7E66E5D11FF34479006E4245 /* Purchase-内购 */,
				7E66E5D01FF3445F006E4245 /* Pay-三方支付 */,
				7E66E5CF1FF34457006E4245 /* Share-三方分享 */,
			);
			path = Section;
			sourceTree = "<group>";
		};
		7E66E5CF1FF34457006E4245 /* Share-三方分享 */ = {
			isa = PBXGroup;
			children = (
				7E66E5E41FF34E6C006E4245 /* View */,
				7E66E5D21FF3449B006E4245 /* Controller */,
			);
			path = "Share-三方分享";
			sourceTree = "<group>";
		};
		7E66E5D01FF3445F006E4245 /* Pay-三方支付 */ = {
			isa = PBXGroup;
			children = (
				7E66E5D81FF344FF006E4245 /* Controller */,
			);
			path = "Pay-三方支付";
			sourceTree = "<group>";
		};
		7E66E5D11FF34479006E4245 /* Purchase-内购 */ = {
			isa = PBXGroup;
			children = (
				7E66E5DE1FF34518006E4245 /* Controller */,
			);
			path = "Purchase-内购";
			sourceTree = "<group>";
		};
		7E66E5D21FF3449B006E4245 /* Controller */ = {
			isa = PBXGroup;
			children = (
				7E66E5D31FF344C7006E4245 /* CYShareViewController.h */,
				7E66E5D41FF344C7006E4245 /* CYShareViewController.m */,
				7E66E5D51FF344C7006E4245 /* CYShareViewController.xib */,
			);
			path = Controller;
			sourceTree = "<group>";
		};
		7E66E5D81FF344FF006E4245 /* Controller */ = {
			isa = PBXGroup;
			children = (
				7E66E5D91FF34513006E4245 /* CYPayViewController.h */,
				7E66E5DA1FF34513006E4245 /* CYPayViewController.m */,
				7E66E5DB1FF34513006E4245 /* CYPayViewController.xib */,
			);
			path = Controller;
			sourceTree = "<group>";
		};
		7E66E5DE1FF34518006E4245 /* Controller */ = {
			isa = PBXGroup;
			children = (
				7E66E5DF1FF34545006E4245 /* CYPurchaseViewController.h */,
				7E66E5E01FF34545006E4245 /* CYPurchaseViewController.m */,
				7E66E5E11FF34545006E4245 /* CYPurchaseViewController.xib */,
			);
			path = Controller;
			sourceTree = "<group>";
		};
		7E66E5E41FF34E6C006E4245 /* View */ = {
			isa = PBXGroup;
			children = (
				7E66E5E61FF34F31006E4245 /* CYShareView.h */,
				7E66E5E51FF34F30006E4245 /* CYShareView.m */,
				7E66E5E71FF34F31006E4245 /* CYShareView.xib */,
			);
			path = View;
			sourceTree = "<group>";
		};
		7E66E5EB1FF36023006E4245 /* Macros */ = {
			isa = PBXGroup;
			children = (
				7E66E5EC1FF36023006E4245 /* ColorCommonMacros.h */,
				7E66E5ED1FF36023006E4245 /* ThirdPartyMacros.h */,
			);
			path = Macros;
			sourceTree = "<group>";
		};
		7E66E5EF1FF36026006E4245 /* Common */ = {
			isa = PBXGroup;
			children = (
				7E66E5EB1FF36023006E4245 /* Macros */,
			);
			path = Common;
			sourceTree = "<group>";
		};
		7E66E5F01FF360AA006E4245 /* Category */ = {
			isa = PBXGroup;
			children = (
				7E66E5FF1FF360AA006E4245 /* UiKit */,
			);
			path = Category;
			sourceTree = "<group>";
		};
		7E66E5FF1FF360AA006E4245 /* UiKit */ = {
			isa = PBXGroup;
			children = (
				7E66E6001FF360AA006E4245 /* UIBarButtonItem */,
				7E66E6031FF360AA006E4245 /* UIButton */,
				7E66E6061FF360AA006E4245 /* UIColor */,
				7E66E6091FF360AA006E4245 /* UIimage */,
				7E66E6151FF360AA006E4245 /* UIView */,
			);
			path = UiKit;
			sourceTree = "<group>";
		};
		7E66E6001FF360AA006E4245 /* UIBarButtonItem */ = {
			isa = PBXGroup;
			children = (
				7E66E6011FF360AA006E4245 /* UIBarButtonItem+QU.h */,
				7E66E6021FF360AA006E4245 /* UIBarButtonItem+QU.m */,
			);
			path = UIBarButtonItem;
			sourceTree = "<group>";
		};
		7E66E6031FF360AA006E4245 /* UIButton */ = {
			isa = PBXGroup;
			children = (
				7E66E6041FF360AA006E4245 /* UIButton+Category.h */,
				7E66E6051FF360AA006E4245 /* UIButton+Category.m */,
			);
			path = UIButton;
			sourceTree = "<group>";
		};
		7E66E6061FF360AA006E4245 /* UIColor */ = {
			isa = PBXGroup;
			children = (
				7E66E6071FF360AA006E4245 /* UIColor+Hex.h */,
				7E66E6081FF360AA006E4245 /* UIColor+Hex.m */,
			);
			path = UIColor;
			sourceTree = "<group>";
		};
		7E66E6091FF360AA006E4245 /* UIimage */ = {
			isa = PBXGroup;
			children = (
				7E66E60A1FF360AA006E4245 /* UIImage+Blur.h */,
				7E66E60B1FF360AA006E4245 /* UIImage+Blur.m */,
				7E66E60C1FF360AA006E4245 /* UIImage+GIF.h */,
				7E66E60D1FF360AA006E4245 /* UIImage+GIF.m */,
				7E66E60E1FF360AA006E4245 /* UIImageView+Blur.h */,
				7E66E60F1FF360AA006E4245 /* UIImageView+Blur.m */,
			);
			path = UIimage;
			sourceTree = "<group>";
		};
		7E66E6151FF360AA006E4245 /* UIView */ = {
			isa = PBXGroup;
			children = (
				7E66E6161FF360AA006E4245 /* UIView+Extension.h */,
				7E66E6171FF360AA006E4245 /* UIView+Extension.m */,
			);
			path = UIView;
			sourceTree = "<group>";
		};
		7E66E63A1FF3642E006E4245 /* Utils */ = {
			isa = PBXGroup;
			children = (
				7E66E6FA1FF38E56006E4245 /* Puchase */,
				7E66E6701FF37AD3006E4245 /* AliPay */,
				7E66E6CA1FF37AD4006E4245 /* WXPay */,
				7E66E64E1FF36738006E4245 /* NetWorkTool */,
				7E66E63C1FF3648B006E4245 /* ThirdPartyLoginAndShare */,
			);
			path = Utils;
			sourceTree = "<group>";
		};
		7E66E63B1FF3643C006E4245 /* Library */ = {
			isa = PBXGroup;
			children = (
				7E66E6DF1FF37AE7006E4245 /* AliPaySDK */,
				7E66E6571FF368BA006E4245 /* TencentSDK */,
				7E66E65A1FF368BB006E4245 /* WeixinSDK */,
			);
			path = Library;
			sourceTree = "<group>";
		};
		7E66E63C1FF3648B006E4245 /* ThirdPartyLoginAndShare */ = {
			isa = PBXGroup;
			children = (
				7E66E63D1FF3648B006E4245 /* ThirdPartyLoginAndShareManager.h */,
				7E66E63E1FF3648B006E4245 /* ThirdPartyLoginAndShareManager.m */,
				7E66E63F1FF3648B006E4245 /* QQApiUtils.h */,
				7E66E6401FF3648B006E4245 /* QQApiUtils.m */,
				7E66E6411FF3648B006E4245 /* ThirdPartyLoginContans.h */,
				7E66E6421FF3648B006E4245 /* ThirdPartySystemCommon.h */,
				7E66E6431FF3648B006E4245 /* UIImage+TT.h */,
				7E66E6441FF3648B006E4245 /* UIImage+TT.m */,
				7E66E6451FF3648B006E4245 /* WBApiUtils.h */,
				7E66E6461FF3648B006E4245 /* WBApiUtils.m */,
				7E66E6471FF3648B006E4245 /* WXApiUtils.h */,
				7E66E6481FF3648B006E4245 /* WXApiUtils.m */,
			);
			path = ThirdPartyLoginAndShare;
			sourceTree = "<group>";
		};
		7E66E64E1FF36738006E4245 /* NetWorkTool */ = {
			isa = PBXGroup;
			children = (
				7E66E64F1FF36738006E4245 /* APIGenerate.h */,
				7E66E6501FF36738006E4245 /* APIGenerate.m */,
				7E66E6511FF36738006E4245 /* NetWorkManager.h */,
				7E66E6521FF36738006E4245 /* NetWorkManager.m */,
				7E66E6531FF36738006E4245 /* Config.json */,
			);
			path = NetWorkTool;
			sourceTree = "<group>";
		};
		7E66E6571FF368BA006E4245 /* TencentSDK */ = {
			isa = PBXGroup;
			children = (
				7E66E6581FF368BA006E4245 /* TencentOpenAPI.framework */,
				7E66E6591FF368BA006E4245 /* TencentOpenApi_IOS_Bundle.bundle */,
			);
			path = TencentSDK;
			sourceTree = "<group>";
		};
		7E66E65A1FF368BB006E4245 /* WeixinSDK */ = {
			isa = PBXGroup;
			children = (
				7E66E65B1FF368BB006E4245 /* libWeChatSDK.a */,
				7E66E65C1FF368BB006E4245 /* WechatAuthSDK.h */,
				7E66E65D1FF368BB006E4245 /* WXApi.h */,
				7E66E65E1FF368BB006E4245 /* WXApiObject.h */,
			);
			path = WeixinSDK;
			sourceTree = "<group>";
		};
		7E66E6701FF37AD3006E4245 /* AliPay */ = {
			isa = PBXGroup;
			children = (
				7E66E6711FF37AD3006E4245 /* AlipayTool.h */,
				7E66E6721FF37AD3006E4245 /* AlipayTool.m */,
				7E66E6731FF37AD3006E4245 /* APAuthInfo.h */,
				7E66E6741FF37AD3006E4245 /* APAuthInfo.m */,
				7E66E6751FF37AD3006E4245 /* APOrderInfo.h */,
				7E66E6761FF37AD3006E4245 /* APOrderInfo.m */,
				7E66E6771FF37AD3006E4245 /* libcrypto.a */,
				7E66E6781FF37AD3006E4245 /* libssl.a */,
				7E66E6791FF37AD3006E4245 /* openssl */,
				7E66E6C51FF37AD3006E4245 /* SignUtils */,
			);
			path = AliPay;
			sourceTree = "<group>";
		};
		7E66E6791FF37AD3006E4245 /* openssl */ = {
			isa = PBXGroup;
			children = (
				7E66E67A1FF37AD3006E4245 /* aes.h */,
				7E66E67B1FF37AD3006E4245 /* asn1.h */,
				7E66E67C1FF37AD3006E4245 /* asn1_mac.h */,
				7E66E67D1FF37AD3006E4245 /* asn1t.h */,
				7E66E67E1FF37AD3006E4245 /* bio.h */,
				7E66E67F1FF37AD3006E4245 /* blowfish.h */,
				7E66E6801FF37AD3006E4245 /* bn.h */,
				7E66E6811FF37AD3006E4245 /* buffer.h */,
				7E66E6821FF37AD3006E4245 /* camellia.h */,
				7E66E6831FF37AD3006E4245 /* cast.h */,
				7E66E6841FF37AD3006E4245 /* cmac.h */,
				7E66E6851FF37AD3006E4245 /* cms.h */,
				7E66E6861FF37AD3006E4245 /* comp.h */,
				7E66E6871FF37AD3006E4245 /* conf.h */,
				7E66E6881FF37AD3006E4245 /* conf_api.h */,
				7E66E6891FF37AD3006E4245 /* crypto.h */,
				7E66E68A1FF37AD3006E4245 /* des.h */,
				7E66E68B1FF37AD3006E4245 /* des_old.h */,
				7E66E68C1FF37AD3006E4245 /* dh.h */,
				7E66E68D1FF37AD3006E4245 /* dsa.h */,
				7E66E68E1FF37AD3006E4245 /* dso.h */,
				7E66E68F1FF37AD3006E4245 /* dtls1.h */,
				7E66E6901FF37AD3006E4245 /* e_os2.h */,
				7E66E6911FF37AD3006E4245 /* ebcdic.h */,
				7E66E6921FF37AD3006E4245 /* ec.h */,
				7E66E6931FF37AD3006E4245 /* ecdh.h */,
				7E66E6941FF37AD3006E4245 /* ecdsa.h */,
				7E66E6951FF37AD3006E4245 /* engine.h */,
				7E66E6961FF37AD3006E4245 /* err.h */,
				7E66E6971FF37AD3006E4245 /* evp.h */,
				7E66E6981FF37AD3006E4245 /* hmac.h */,
				7E66E6991FF37AD3006E4245 /* idea.h */,
				7E66E69A1FF37AD3006E4245 /* krb5_asn.h */,
				7E66E69B1FF37AD3006E4245 /* kssl.h */,
				7E66E69C1FF37AD3006E4245 /* lhash.h */,
				7E66E69D1FF37AD3006E4245 /* md4.h */,
				7E66E69E1FF37AD3006E4245 /* md5.h */,
				7E66E69F1FF37AD3006E4245 /* mdc2.h */,
				7E66E6A01FF37AD3006E4245 /* modes.h */,
				7E66E6A11FF37AD3006E4245 /* obj_mac.h */,
				7E66E6A21FF37AD3006E4245 /* objects.h */,
				7E66E6A31FF37AD3006E4245 /* ocsp.h */,
				7E66E6A41FF37AD3006E4245 /* opensslconf.h */,
				7E66E6A51FF37AD3006E4245 /* opensslv.h */,
				7E66E6A61FF37AD3006E4245 /* ossl_typ.h */,
				7E66E6A71FF37AD3006E4245 /* pem.h */,
				7E66E6A81FF37AD3006E4245 /* pem2.h */,
				7E66E6A91FF37AD3006E4245 /* pkcs12.h */,
				7E66E6AA1FF37AD3006E4245 /* pkcs7.h */,
				7E66E6AB1FF37AD3006E4245 /* pqueue.h */,
				7E66E6AC1FF37AD3006E4245 /* rand.h */,
				7E66E6AD1FF37AD3006E4245 /* rc2.h */,
				7E66E6AE1FF37AD3006E4245 /* rc4.h */,
				7E66E6AF1FF37AD3006E4245 /* ripemd.h */,
				7E66E6B01FF37AD3006E4245 /* rsa.h */,
				7E66E6B11FF37AD3006E4245 /* safestack.h */,
				7E66E6B21FF37AD3006E4245 /* seed.h */,
				7E66E6B31FF37AD3006E4245 /* sha.h */,
				7E66E6B41FF37AD3006E4245 /* srp.h */,
				7E66E6B51FF37AD3006E4245 /* srtp.h */,
				7E66E6B61FF37AD3006E4245 /* ssl.h */,
				7E66E6B71FF37AD3006E4245 /* ssl2.h */,
				7E66E6B81FF37AD3006E4245 /* ssl23.h */,
				7E66E6B91FF37AD3006E4245 /* ssl3.h */,
				7E66E6BA1FF37AD3006E4245 /* stack.h */,
				7E66E6BB1FF37AD3006E4245 /* symhacks.h */,
				7E66E6BC1FF37AD3006E4245 /* tls1.h */,
				7E66E6BD1FF37AD3006E4245 /* ts.h */,
				7E66E6BE1FF37AD3006E4245 /* txt_db.h */,
				7E66E6BF1FF37AD3006E4245 /* ui.h */,
				7E66E6C01FF37AD3006E4245 /* ui_compat.h */,
				7E66E6C11FF37AD3006E4245 /* whrlpool.h */,
				7E66E6C21FF37AD3006E4245 /* x509.h */,
				7E66E6C31FF37AD3006E4245 /* x509_vfy.h */,
				7E66E6C41FF37AD3006E4245 /* x509v3.h */,
			);
			path = openssl;
			sourceTree = "<group>";
		};
		7E66E6C51FF37AD3006E4245 /* SignUtils */ = {
			isa = PBXGroup;
			children = (
				7E66E6C61FF37AD3006E4245 /* APRSASigner.h */,
				7E66E6C71FF37AD3006E4245 /* APRSASigner.m */,
				7E66E6C81FF37AD3006E4245 /* openssl_wrapper.h */,
				7E66E6C91FF37AD3006E4245 /* openssl_wrapper.m */,
			);
			path = SignUtils;
			sourceTree = "<group>";
		};
		7E66E6CA1FF37AD4006E4245 /* WXPay */ = {
			isa = PBXGroup;
			children = (
				7E66E6CB1FF37AD4006E4245 /* ApiXml.h */,
				7E66E6CC1FF37AD4006E4245 /* ApiXml.mm */,
				7E66E6CD1FF37AD4006E4245 /* payRequsestHandler.h */,
				7E66E6CE1FF37AD4006E4245 /* payRequsestHandler.mm */,
				7E66E6CF1FF37AD4006E4245 /* WechatAuthSDK.h */,
				7E66E6D01FF37AD4006E4245 /* WeChatOrder.h */,
				7E66E6D11FF37AD4006E4245 /* WeChatOrder.m */,
				7E66E6D21FF37AD4006E4245 /* WXUtil.h */,
				7E66E6D31FF37AD4006E4245 /* WXUtil.mm */,
			);
			path = WXPay;
			sourceTree = "<group>";
		};
		7E66E6DF1FF37AE7006E4245 /* AliPaySDK */ = {
			isa = PBXGroup;
			children = (
				7E66E6E01FF37AE7006E4245 /* AlipaySDK.bundle */,
				7E66E6E11FF37AE7006E4245 /* AlipaySDK.framework */,
			);
			path = AliPaySDK;
			sourceTree = "<group>";
		};
		7E66E6F41FF388CB006E4245 /* Login-三方登录 */ = {
			isa = PBXGroup;
			children = (
				7E66E6F51FF38929006E4245 /* CYLoginViewController.h */,
				7E66E6F61FF38929006E4245 /* CYLoginViewController.m */,
				7E66E6F71FF38929006E4245 /* CYLoginViewController.xib */,
			);
			path = "Login-三方登录";
			sourceTree = "<group>";
		};
		7E66E6FA1FF38E56006E4245 /* Puchase */ = {
			isa = PBXGroup;
			children = (
				7E66E6FB1FF38E8A006E4245 /* PuchaseTool.h */,
				7E66E6FC1FF38E8A006E4245 /* PuchaseTool.m */,
			);
			path = Puchase;
			sourceTree = "<group>";
		};
		9F0761E24814AACF359CBA99 /* Frameworks */ = {
			isa = PBXGroup;
			children = (
				7E66E6F21FF37C37006E4245 /* Foundation.framework */,
				7E66E6F01FF37C28006E4245 /* UIKit.framework */,
				7E66E6EE1FF37C1F006E4245 /* CoreMotion.framework */,
				7E66E6EC1FF37C0F006E4245 /* CoreGraphics.framework */,
				7E66E6EA1FF37C02006E4245 /* CoreText.framework */,
				7E66E6E81FF37BF4006E4245 /* libc++.tbd */,
				7E66E6E61FF37BEC006E4245 /* libz.tbd */,
				7E66E6E41FF37BDD006E4245 /* QuartzCore.framework */,
				7E66E66E1FF36CBC006E4245 /* CFNetwork.framework */,
				7E66E66C1FF36CB0006E4245 /* CoreTelephony.framework */,
				7E66E66A1FF36C9D006E4245 /* Security.framework */,
				7E66E6681FF36C90006E4245 /* libsqlite3.dylib */,
				7E66E6661FF36C63006E4245 /* libc++.1.dylib */,
				7E66E6641FF36C47006E4245 /* libz.1.dylib */,
				7E66E6621FF36BBA006E4245 /* SystemConfiguration.framework */,
				8CC48360F2D82AA7C923D988 /* libPods-ThirdPartyShareLoginAndPay.a */,
				A6CEB5D976D8285796FB48A5 /* libPods-ThirdPartyShareLoginAndPayTests.a */,
				E58D42FFD5E5AE8FA08473E5 /* libPods-ThirdPartyShareLoginAndPayUITests.a */,
			);
			name = Frameworks;
			sourceTree = "<group>";
		};
		E2283595680F5BA222A646EF /* Pods */ = {
			isa = PBXGroup;
			children = (
				C04C9B0EDB9568CA220201FF /* Pods-ThirdPartyShareLoginAndPay.debug.xcconfig */,
				CD5A371732C022A0217FC1A4 /* Pods-ThirdPartyShareLoginAndPay.release.xcconfig */,
				CEF6A65FB06A70CFB8FB64EC /* Pods-ThirdPartyShareLoginAndPayTests.debug.xcconfig */,
				0D5E71FBF10C0068CA3C211F /* Pods-ThirdPartyShareLoginAndPayTests.release.xcconfig */,
				D14655F3C549E365AB7B57C5 /* Pods-ThirdPartyShareLoginAndPayUITests.debug.xcconfig */,
				09968527EC6B6DE2950B316D /* Pods-ThirdPartyShareLoginAndPayUITests.release.xcconfig */,
			);
			name = Pods;
			sourceTree = "<group>";
		};
/* End PBXGroup section */

/* Begin PBXNativeTarget section */
		7E66E58C1FF334D9006E4245 /* ThirdPartyShareLoginAndPay */ = {
			isa = PBXNativeTarget;
			buildConfigurationList = 7E66E5B91FF334D9006E4245 /* Build configuration list for PBXNativeTarget "ThirdPartyShareLoginAndPay" */;
			buildPhases = (
				8AE970D3696C5BDC52CD1D9D /* [CP] Check Pods Manifest.lock */,
				7E66E5891FF334D9006E4245 /* Sources */,
				7E66E58A1FF334D9006E4245 /* Frameworks */,
				7E66E58B1FF334D9006E4245 /* Resources */,
				81C9461E70ADD3A79714CF8A /* [CP] Embed Pods Frameworks */,
				3E31E901DC69155379FAEF30 /* [CP] Copy Pods Resources */,
			);
			buildRules = (
			);
			dependencies = (
			);
			name = ThirdPartyShareLoginAndPay;
			productName = ThirdPartyShareLoginAndPay;
			productReference = 7E66E58D1FF334D9006E4245 /* ThirdPartyShareLoginAndPay.app */;
			productType = "com.apple.product-type.application";
		};
		7E66E5A41FF334D9006E4245 /* ThirdPartyShareLoginAndPayTests */ = {
			isa = PBXNativeTarget;
			buildConfigurationList = 7E66E5BC1FF334D9006E4245 /* Build configuration list for PBXNativeTarget "ThirdPartyShareLoginAndPayTests" */;
			buildPhases = (
				712E0CD31DE8DF9FB82398E8 /* [CP] Check Pods Manifest.lock */,
				7E66E5A11FF334D9006E4245 /* Sources */,
				7E66E5A21FF334D9006E4245 /* Frameworks */,
				7E66E5A31FF334D9006E4245 /* Resources */,
				DEB7710B0BA6DC1E9C43FFC8 /* [CP] Embed Pods Frameworks */,
				31F3985FB91B35BDC4EAA16E /* [CP] Copy Pods Resources */,
			);
			buildRules = (
			);
			dependencies = (
				7E66E5A71FF334D9006E4245 /* PBXTargetDependency */,
			);
			name = ThirdPartyShareLoginAndPayTests;
			productName = ThirdPartyShareLoginAndPayTests;
			productReference = 7E66E5A51FF334D9006E4245 /* ThirdPartyShareLoginAndPayTests.xctest */;
			productType = "com.apple.product-type.bundle.unit-test";
		};
		7E66E5AF1FF334D9006E4245 /* ThirdPartyShareLoginAndPayUITests */ = {
			isa = PBXNativeTarget;
			buildConfigurationList = 7E66E5BF1FF334D9006E4245 /* Build configuration list for PBXNativeTarget "ThirdPartyShareLoginAndPayUITests" */;
			buildPhases = (
				B03C2C05CA182B96DC25C7C7 /* [CP] Check Pods Manifest.lock */,
				7E66E5AC1FF334D9006E4245 /* Sources */,
				7E66E5AD1FF334D9006E4245 /* Frameworks */,
				7E66E5AE1FF334D9006E4245 /* Resources */,
				1E3DC3F1684D36BF36A31FBE /* [CP] Embed Pods Frameworks */,
				0ECBB8F70BA31FCA5271E903 /* [CP] Copy Pods Resources */,
			);
			buildRules = (
			);
			dependencies = (
				7E66E5B21FF334D9006E4245 /* PBXTargetDependency */,
			);
			name = ThirdPartyShareLoginAndPayUITests;
			productName = ThirdPartyShareLoginAndPayUITests;
			productReference = 7E66E5B01FF334D9006E4245 /* ThirdPartyShareLoginAndPayUITests.xctest */;
			productType = "com.apple.product-type.bundle.ui-testing";
		};
/* End PBXNativeTarget section */

/* Begin PBXProject section */
		7E66E5851FF334D9006E4245 /* Project object */ = {
			isa = PBXProject;
			attributes = {
				LastUpgradeCheck = 0910;
				ORGANIZATIONNAME = Gauss;
				TargetAttributes = {
					7E66E58C1FF334D9006E4245 = {
						CreatedOnToolsVersion = 9.1;
						ProvisioningStyle = Automatic;
					};
					7E66E5A41FF334D9006E4245 = {
						CreatedOnToolsVersion = 9.1;
						ProvisioningStyle = Automatic;
						TestTargetID = 7E66E58C1FF334D9006E4245;
					};
					7E66E5AF1FF334D9006E4245 = {
						CreatedOnToolsVersion = 9.1;
						ProvisioningStyle = Automatic;
						TestTargetID = 7E66E58C1FF334D9006E4245;
					};
				};
			};
			buildConfigurationList = 7E66E5881FF334D9006E4245 /* Build configuration list for PBXProject "ThirdPartyShareLoginAndPay" */;
			compatibilityVersion = "Xcode 8.0";
			developmentRegion = en;
			hasScannedForEncodings = 0;
			knownRegions = (
				en,
				Base,
			);
			mainGroup = 7E66E5841FF334D9006E4245;
			productRefGroup = 7E66E58E1FF334D9006E4245 /* Products */;
			projectDirPath = "";
			projectRoot = "";
			targets = (
				7E66E58C1FF334D9006E4245 /* ThirdPartyShareLoginAndPay */,
				7E66E5A41FF334D9006E4245 /* ThirdPartyShareLoginAndPayTests */,
				7E66E5AF1FF334D9006E4245 /* ThirdPartyShareLoginAndPayUITests */,
			);
		};
/* End PBXProject section */

/* Begin PBXResourcesBuildPhase section */
		7E66E58B1FF334D9006E4245 /* Resources */ = {
			isa = PBXResourcesBuildPhase;
			buildActionMask = 2147483647;
			files = (
				7E66E6F91FF38929006E4245 /* CYLoginViewController.xib in Resources */,
				7E66E6E21FF37AE7006E4245 /* AlipaySDK.bundle in Resources */,
				7E66E6561FF36738006E4245 /* Config.json in Resources */,
				7E66E5DD1FF34513006E4245 /* CYPayViewController.xib in Resources */,
				7E66E5D71FF344C7006E4245 /* CYShareViewController.xib in Resources */,
				7E66E5E91FF34F31006E4245 /* CYShareView.xib in Resources */,
				7E66E59D1FF334D9006E4245 /* LaunchScreen.storyboard in Resources */,
				7E66E59A1FF334D9006E4245 /* Assets.xcassets in Resources */,
				7E66E6601FF368BC006E4245 /* TencentOpenApi_IOS_Bundle.bundle in Resources */,
				7E66E5981FF334D9006E4245 /* Main.storyboard in Resources */,
				7E66E5E31FF34545006E4245 /* CYPurchaseViewController.xib in Resources */,
			);
			runOnlyForDeploymentPostprocessing = 0;
		};
		7E66E5A31FF334D9006E4245 /* Resources */ = {
			isa = PBXResourcesBuildPhase;
			buildActionMask = 2147483647;
			files = (
			);
			runOnlyForDeploymentPostprocessing = 0;
		};
		7E66E5AE1FF334D9006E4245 /* Resources */ = {
			isa = PBXResourcesBuildPhase;
			buildActionMask = 2147483647;
			files = (
			);
			runOnlyForDeploymentPostprocessing = 0;
		};
/* End PBXResourcesBuildPhase section */

/* Begin PBXShellScriptBuildPhase section */
		0ECBB8F70BA31FCA5271E903 /* [CP] Copy Pods Resources */ = {
			isa = PBXShellScriptBuildPhase;
			buildActionMask = 2147483647;
			files = (
			);
			inputPaths = (
			);
			name = "[CP] Copy Pods Resources";
			outputPaths = (
			);
			runOnlyForDeploymentPostprocessing = 0;
			shellPath = /bin/sh;
			shellScript = "\"${SRCROOT}/Pods/Target Support Files/Pods-ThirdPartyShareLoginAndPayUITests/Pods-ThirdPartyShareLoginAndPayUITests-resources.sh\"\n";
			showEnvVarsInLog = 0;
		};
		1E3DC3F1684D36BF36A31FBE /* [CP] Embed Pods Frameworks */ = {
			isa = PBXShellScriptBuildPhase;
			buildActionMask = 2147483647;
			files = (
			);
			inputPaths = (
			);
			name = "[CP] Embed Pods Frameworks";
			outputPaths = (
			);
			runOnlyForDeploymentPostprocessing = 0;
			shellPath = /bin/sh;
			shellScript = "\"${SRCROOT}/Pods/Target Support Files/Pods-ThirdPartyShareLoginAndPayUITests/Pods-ThirdPartyShareLoginAndPayUITests-frameworks.sh\"\n";
			showEnvVarsInLog = 0;
		};
		31F3985FB91B35BDC4EAA16E /* [CP] Copy Pods Resources */ = {
			isa = PBXShellScriptBuildPhase;
			buildActionMask = 2147483647;
			files = (
			);
			inputPaths = (
			);
			name = "[CP] Copy Pods Resources";
			outputPaths = (
			);
			runOnlyForDeploymentPostprocessing = 0;
			shellPath = /bin/sh;
			shellScript = "\"${SRCROOT}/Pods/Target Support Files/Pods-ThirdPartyShareLoginAndPayTests/Pods-ThirdPartyShareLoginAndPayTests-resources.sh\"\n";
			showEnvVarsInLog = 0;
		};
		3E31E901DC69155379FAEF30 /* [CP] Copy Pods Resources */ = {
			isa = PBXShellScriptBuildPhase;
			buildActionMask = 2147483647;
			files = (
			);
			inputPaths = (
				"${SRCROOT}/Pods/Target Support Files/Pods-ThirdPartyShareLoginAndPay/Pods-ThirdPartyShareLoginAndPay-resources.sh",
				"${PODS_ROOT}/WeiboSDK/libWeiboSDK/WeiboSDK.bundle",
			);
			name = "[CP] Copy Pods Resources";
			outputPaths = (
				"${TARGET_BUILD_DIR}/${UNLOCALIZED_RESOURCES_FOLDER_PATH}",
			);
			runOnlyForDeploymentPostprocessing = 0;
			shellPath = /bin/sh;
			shellScript = "\"${SRCROOT}/Pods/Target Support Files/Pods-ThirdPartyShareLoginAndPay/Pods-ThirdPartyShareLoginAndPay-resources.sh\"\n";
			showEnvVarsInLog = 0;
		};
		712E0CD31DE8DF9FB82398E8 /* [CP] Check Pods Manifest.lock */ = {
			isa = PBXShellScriptBuildPhase;
			buildActionMask = 2147483647;
			files = (
			);
			inputPaths = (
				"${PODS_PODFILE_DIR_PATH}/Podfile.lock",
				"${PODS_ROOT}/Manifest.lock",
			);
			name = "[CP] Check Pods Manifest.lock";
			outputPaths = (
				"$(DERIVED_FILE_DIR)/Pods-ThirdPartyShareLoginAndPayTests-checkManifestLockResult.txt",
			);
			runOnlyForDeploymentPostprocessing = 0;
			shellPath = /bin/sh;
			shellScript = "diff \"${PODS_PODFILE_DIR_PATH}/Podfile.lock\" \"${PODS_ROOT}/Manifest.lock\" > /dev/null\nif [ $? != 0 ] ; then\n    # print error to STDERR\n    echo \"error: The sandbox is not in sync with the Podfile.lock. Run 'pod install' or update your CocoaPods installation.\" >&2\n    exit 1\nfi\n# This output is used by Xcode 'outputs' to avoid re-running this script phase.\necho \"SUCCESS\" > \"${SCRIPT_OUTPUT_FILE_0}\"\n";
			showEnvVarsInLog = 0;
		};
		81C9461E70ADD3A79714CF8A /* [CP] Embed Pods Frameworks */ = {
			isa = PBXShellScriptBuildPhase;
			buildActionMask = 2147483647;
			files = (
			);
			inputPaths = (
			);
			name = "[CP] Embed Pods Frameworks";
			outputPaths = (
			);
			runOnlyForDeploymentPostprocessing = 0;
			shellPath = /bin/sh;
			shellScript = "\"${SRCROOT}/Pods/Target Support Files/Pods-ThirdPartyShareLoginAndPay/Pods-ThirdPartyShareLoginAndPay-frameworks.sh\"\n";
			showEnvVarsInLog = 0;
		};
		8AE970D3696C5BDC52CD1D9D /* [CP] Check Pods Manifest.lock */ = {
			isa = PBXShellScriptBuildPhase;
			buildActionMask = 2147483647;
			files = (
			);
			inputPaths = (
				"${PODS_PODFILE_DIR_PATH}/Podfile.lock",
				"${PODS_ROOT}/Manifest.lock",
			);
			name = "[CP] Check Pods Manifest.lock";
			outputPaths = (
				"$(DERIVED_FILE_DIR)/Pods-ThirdPartyShareLoginAndPay-checkManifestLockResult.txt",
			);
			runOnlyForDeploymentPostprocessing = 0;
			shellPath = /bin/sh;
			shellScript = "diff \"${PODS_PODFILE_DIR_PATH}/Podfile.lock\" \"${PODS_ROOT}/Manifest.lock\" > /dev/null\nif [ $? != 0 ] ; then\n    # print error to STDERR\n    echo \"error: The sandbox is not in sync with the Podfile.lock. Run 'pod install' or update your CocoaPods installation.\" >&2\n    exit 1\nfi\n# This output is used by Xcode 'outputs' to avoid re-running this script phase.\necho \"SUCCESS\" > \"${SCRIPT_OUTPUT_FILE_0}\"\n";
			showEnvVarsInLog = 0;
		};
		B03C2C05CA182B96DC25C7C7 /* [CP] Check Pods Manifest.lock */ = {
			isa = PBXShellScriptBuildPhase;
			buildActionMask = 2147483647;
			files = (
			);
			inputPaths = (
				"${PODS_PODFILE_DIR_PATH}/Podfile.lock",
				"${PODS_ROOT}/Manifest.lock",
			);
			name = "[CP] Check Pods Manifest.lock";
			outputPaths = (
				"$(DERIVED_FILE_DIR)/Pods-ThirdPartyShareLoginAndPayUITests-checkManifestLockResult.txt",
			);
			runOnlyForDeploymentPostprocessing = 0;
			shellPath = /bin/sh;
			shellScript = "diff \"${PODS_PODFILE_DIR_PATH}/Podfile.lock\" \"${PODS_ROOT}/Manifest.lock\" > /dev/null\nif [ $? != 0 ] ; then\n    # print error to STDERR\n    echo \"error: The sandbox is not in sync with the Podfile.lock. Run 'pod install' or update your CocoaPods installation.\" >&2\n    exit 1\nfi\n# This output is used by Xcode 'outputs' to avoid re-running this script phase.\necho \"SUCCESS\" > \"${SCRIPT_OUTPUT_FILE_0}\"\n";
			showEnvVarsInLog = 0;
		};
		DEB7710B0BA6DC1E9C43FFC8 /* [CP] Embed Pods Frameworks */ = {
			isa = PBXShellScriptBuildPhase;
			buildActionMask = 2147483647;
			files = (
			);
			inputPaths = (
			);
			name = "[CP] Embed Pods Frameworks";
			outputPaths = (
			);
			runOnlyForDeploymentPostprocessing = 0;
			shellPath = /bin/sh;
			shellScript = "\"${SRCROOT}/Pods/Target Support Files/Pods-ThirdPartyShareLoginAndPayTests/Pods-ThirdPartyShareLoginAndPayTests-frameworks.sh\"\n";
			showEnvVarsInLog = 0;
		};
/* End PBXShellScriptBuildPhase section */

/* Begin PBXSourcesBuildPhase section */
		7E66E5891FF334D9006E4245 /* Sources */ = {
			isa = PBXSourcesBuildPhase;
			buildActionMask = 2147483647;
			files = (
				7E66E6F81FF38929006E4245 /* CYLoginViewController.m in Sources */,
				7E66E6DD1FF37AD4006E4245 /* WeChatOrder.m in Sources */,
				7E66E5D61FF344C7006E4245 /* CYShareViewController.m in Sources */,
				7E66E64C1FF3648C006E4245 /* WBApiUtils.m in Sources */,
				7E66E6DA1FF37AD4006E4245 /* openssl_wrapper.m in Sources */,
				7E66E5CD1FF34438006E4245 /* CYBaseNavigationViewController.m in Sources */,
				7E66E64D1FF3648C006E4245 /* WXApiUtils.m in Sources */,
				7E66E5951FF334D9006E4245 /* ViewController.m in Sources */,
				7E66E5A01FF334D9006E4245 /* main.m in Sources */,
				7E66E6331FF360AA006E4245 /* UIView+Extension.m in Sources */,
				7E66E5E21FF34545006E4245 /* CYPurchaseViewController.m in Sources */,
				7E66E5921FF334D9006E4245 /* AppDelegate.m in Sources */,
				7E66E64B1FF3648C006E4245 /* UIImage+TT.m in Sources */,
				7E66E6DE1FF37AD4006E4245 /* WXUtil.mm in Sources */,
				7E66E64A1FF3648C006E4245 /* QQApiUtils.m in Sources */,
				7E66E6D41FF37AD4006E4245 /* AlipayTool.m in Sources */,
				7E66E6D51FF37AD4006E4245 /* APAuthInfo.m in Sources */,
				7E66E62E1FF360AA006E4245 /* UIImage+Blur.m in Sources */,
				7E66E6301FF360AA006E4245 /* UIImageView+Blur.m in Sources */,
				7E66E6D91FF37AD4006E4245 /* APRSASigner.m in Sources */,
				7E66E5E81FF34F31006E4245 /* CYShareView.m in Sources */,
				7E66E6541FF36738006E4245 /* APIGenerate.m in Sources */,
				7E66E6D61FF37AD4006E4245 /* APOrderInfo.m in Sources */,
				7E66E62C1FF360AA006E4245 /* UIButton+Category.m in Sources */,
				7E66E6491FF3648C006E4245 /* ThirdPartyLoginAndShareManager.m in Sources */,
				7E66E5DC1FF34513006E4245 /* CYPayViewController.m in Sources */,
				7E66E5C71FF343E6006E4245 /* CYMainTabBarViewController.m in Sources */,
				7E66E6DB1FF37AD4006E4245 /* ApiXml.mm in Sources */,
				7E66E62D1FF360AA006E4245 /* UIColor+Hex.m in Sources */,
				7E66E62B1FF360AA006E4245 /* UIBarButtonItem+QU.m in Sources */,
				7E66E6DC1FF37AD4006E4245 /* payRequsestHandler.mm in Sources */,
				7E66E6FD1FF38E8A006E4245 /* PuchaseTool.m in Sources */,
				7E66E6551FF36738006E4245 /* NetWorkManager.m in Sources */,
				7E66E62F1FF360AA006E4245 /* UIImage+GIF.m in Sources */,
				7E66E5CA1FF34404006E4245 /* CYBaseViewController.m in Sources */,
			);
			runOnlyForDeploymentPostprocessing = 0;
		};
		7E66E5A11FF334D9006E4245 /* Sources */ = {
			isa = PBXSourcesBuildPhase;
			buildActionMask = 2147483647;
			files = (
				7E66E5AA1FF334D9006E4245 /* ThirdPartyShareLoginAndPayTests.m in Sources */,
			);
			runOnlyForDeploymentPostprocessing = 0;
		};
		7E66E5AC1FF334D9006E4245 /* Sources */ = {
			isa = PBXSourcesBuildPhase;
			buildActionMask = 2147483647;
			files = (
				7E66E5B51FF334D9006E4245 /* ThirdPartyShareLoginAndPayUITests.m in Sources */,
			);
			runOnlyForDeploymentPostprocessing = 0;
		};
/* End PBXSourcesBuildPhase section */

/* Begin PBXTargetDependency section */
		7E66E5A71FF334D9006E4245 /* PBXTargetDependency */ = {
			isa = PBXTargetDependency;
			target = 7E66E58C1FF334D9006E4245 /* ThirdPartyShareLoginAndPay */;
			targetProxy = 7E66E5A61FF334D9006E4245 /* PBXContainerItemProxy */;
		};
		7E66E5B21FF334D9006E4245 /* PBXTargetDependency */ = {
			isa = PBXTargetDependency;
			target = 7E66E58C1FF334D9006E4245 /* ThirdPartyShareLoginAndPay */;
			targetProxy = 7E66E5B11FF334D9006E4245 /* PBXContainerItemProxy */;
		};
/* End PBXTargetDependency section */

/* Begin PBXVariantGroup section */
		7E66E5961FF334D9006E4245 /* Main.storyboard */ = {
			isa = PBXVariantGroup;
			children = (
				7E66E5971FF334D9006E4245 /* Base */,
			);
			name = Main.storyboard;
			sourceTree = "<group>";
		};
		7E66E59B1FF334D9006E4245 /* LaunchScreen.storyboard */ = {
			isa = PBXVariantGroup;
			children = (
				7E66E59C1FF334D9006E4245 /* Base */,
			);
			name = LaunchScreen.storyboard;
			sourceTree = "<group>";
		};
/* End PBXVariantGroup section */

/* Begin XCBuildConfiguration section */
		7E66E5B71FF334D9006E4245 /* Debug */ = {
			isa = XCBuildConfiguration;
			buildSettings = {
				ALWAYS_SEARCH_USER_PATHS = NO;
				CLANG_ANALYZER_NONNULL = YES;
				CLANG_ANALYZER_NUMBER_OBJECT_CONVERSION = YES_AGGRESSIVE;
				CLANG_CXX_LANGUAGE_STANDARD = "gnu++14";
				CLANG_CXX_LIBRARY = "libc++";
				CLANG_ENABLE_MODULES = YES;
				CLANG_ENABLE_OBJC_ARC = YES;
				CLANG_WARN_BLOCK_CAPTURE_AUTORELEASING = YES;
				CLANG_WARN_BOOL_CONVERSION = YES;
				CLANG_WARN_COMMA = YES;
				CLANG_WARN_CONSTANT_CONVERSION = YES;
				CLANG_WARN_DIRECT_OBJC_ISA_USAGE = YES_ERROR;
				CLANG_WARN_DOCUMENTATION_COMMENTS = YES;
				CLANG_WARN_EMPTY_BODY = YES;
				CLANG_WARN_ENUM_CONVERSION = YES;
				CLANG_WARN_INFINITE_RECURSION = YES;
				CLANG_WARN_INT_CONVERSION = YES;
				CLANG_WARN_NON_LITERAL_NULL_CONVERSION = YES;
				CLANG_WARN_OBJC_LITERAL_CONVERSION = YES;
				CLANG_WARN_OBJC_ROOT_CLASS = YES_ERROR;
				CLANG_WARN_RANGE_LOOP_ANALYSIS = YES;
				CLANG_WARN_STRICT_PROTOTYPES = YES;
				CLANG_WARN_SUSPICIOUS_MOVE = YES;
				CLANG_WARN_UNGUARDED_AVAILABILITY = YES_AGGRESSIVE;
				CLANG_WARN_UNREACHABLE_CODE = YES;
				CLANG_WARN__DUPLICATE_METHOD_MATCH = YES;
				CODE_SIGN_IDENTITY = "iPhone Developer";
				COPY_PHASE_STRIP = NO;
				DEBUG_INFORMATION_FORMAT = dwarf;
				ENABLE_STRICT_OBJC_MSGSEND = YES;
				ENABLE_TESTABILITY = YES;
				GCC_C_LANGUAGE_STANDARD = gnu11;
				GCC_DYNAMIC_NO_PIC = NO;
				GCC_NO_COMMON_BLOCKS = YES;
				GCC_OPTIMIZATION_LEVEL = 0;
				GCC_PREPROCESSOR_DEFINITIONS = (
					"DEBUG=1",
					"$(inherited)",
				);
				GCC_WARN_64_TO_32_BIT_CONVERSION = YES;
				GCC_WARN_ABOUT_RETURN_TYPE = YES_ERROR;
				GCC_WARN_UNDECLARED_SELECTOR = YES;
				GCC_WARN_UNINITIALIZED_AUTOS = YES_AGGRESSIVE;
				GCC_WARN_UNUSED_FUNCTION = YES;
				GCC_WARN_UNUSED_VARIABLE = YES;
				IPHONEOS_DEPLOYMENT_TARGET = 11.1;
				MTL_ENABLE_DEBUG_INFO = YES;
				ONLY_ACTIVE_ARCH = YES;
				SDKROOT = iphoneos;
			};
			name = Debug;
		};
		7E66E5B81FF334D9006E4245 /* Release */ = {
			isa = XCBuildConfiguration;
			buildSettings = {
				ALWAYS_SEARCH_USER_PATHS = NO;
				CLANG_ANALYZER_NONNULL = YES;
				CLANG_ANALYZER_NUMBER_OBJECT_CONVERSION = YES_AGGRESSIVE;
				CLANG_CXX_LANGUAGE_STANDARD = "gnu++14";
				CLANG_CXX_LIBRARY = "libc++";
				CLANG_ENABLE_MODULES = YES;
				CLANG_ENABLE_OBJC_ARC = YES;
				CLANG_WARN_BLOCK_CAPTURE_AUTORELEASING = YES;
				CLANG_WARN_BOOL_CONVERSION = YES;
				CLANG_WARN_COMMA = YES;
				CLANG_WARN_CONSTANT_CONVERSION = YES;
				CLANG_WARN_DIRECT_OBJC_ISA_USAGE = YES_ERROR;
				CLANG_WARN_DOCUMENTATION_COMMENTS = YES;
				CLANG_WARN_EMPTY_BODY = YES;
				CLANG_WARN_ENUM_CONVERSION = YES;
				CLANG_WARN_INFINITE_RECURSION = YES;
				CLANG_WARN_INT_CONVERSION = YES;
				CLANG_WARN_NON_LITERAL_NULL_CONVERSION = YES;
				CLANG_WARN_OBJC_LITERAL_CONVERSION = YES;
				CLANG_WARN_OBJC_ROOT_CLASS = YES_ERROR;
				CLANG_WARN_RANGE_LOOP_ANALYSIS = YES;
				CLANG_WARN_STRICT_PROTOTYPES = YES;
				CLANG_WARN_SUSPICIOUS_MOVE = YES;
				CLANG_WARN_UNGUARDED_AVAILABILITY = YES_AGGRESSIVE;
				CLANG_WARN_UNREACHABLE_CODE = YES;
				CLANG_WARN__DUPLICATE_METHOD_MATCH = YES;
				CODE_SIGN_IDENTITY = "iPhone Developer";
				COPY_PHASE_STRIP = NO;
				DEBUG_INFORMATION_FORMAT = "dwarf-with-dsym";
				ENABLE_NS_ASSERTIONS = NO;
				ENABLE_STRICT_OBJC_MSGSEND = YES;
				GCC_C_LANGUAGE_STANDARD = gnu11;
				GCC_NO_COMMON_BLOCKS = YES;
				GCC_WARN_64_TO_32_BIT_CONVERSION = YES;
				GCC_WARN_ABOUT_RETURN_TYPE = YES_ERROR;
				GCC_WARN_UNDECLARED_SELECTOR = YES;
				GCC_WARN_UNINITIALIZED_AUTOS = YES_AGGRESSIVE;
				GCC_WARN_UNUSED_FUNCTION = YES;
				GCC_WARN_UNUSED_VARIABLE = YES;
				IPHONEOS_DEPLOYMENT_TARGET = 11.1;
				MTL_ENABLE_DEBUG_INFO = NO;
				SDKROOT = iphoneos;
				VALIDATE_PRODUCT = YES;
			};
			name = Release;
		};
		7E66E5BA1FF334D9006E4245 /* Debug */ = {
			isa = XCBuildConfiguration;
			baseConfigurationReference = C04C9B0EDB9568CA220201FF /* Pods-ThirdPartyShareLoginAndPay.debug.xcconfig */;
			buildSettings = {
				ASSETCATALOG_COMPILER_APPICON_NAME = AppIcon;
				CODE_SIGN_STYLE = Automatic;
				DEVELOPMENT_TEAM = EV6862XJJZ;
				ENABLE_BITCODE = NO;
				FRAMEWORK_SEARCH_PATHS = (
					"$(inherited)",
					"$(PROJECT_DIR)/ThirdPartyShareLoginAndPay/Classes/Library/TencentSDK",
					"$(PROJECT_DIR)/ThirdPartyShareLoginAndPay/Classes/Library/AliPaySDK",
				);
				GCC_PREFIX_HEADER = ThirdPartyShareLoginAndPay/Classes/Others/ThirdPartyPrefixHeader.pch;
				HEADER_SEARCH_PATHS = (
					"$(inherited)",
					"\"${PODS_ROOT}/Headers/Public\"",
					"\"${PODS_ROOT}/Headers/Public/AFNetworking\"",
					"\"${PODS_ROOT}/Headers/Public/MBProgressHUD\"",
					"\"${PODS_ROOT}/Headers/Public/WeiboSDK\"",
					"\"$(PROJECT_DIR)/ThirdPartyShareLoginAndPay/Classes/Utils/AliPay\"",
				);
				INFOPLIST_FILE = ThirdPartyShareLoginAndPay/Info.plist;
				IPHONEOS_DEPLOYMENT_TARGET = 9.0;
				LD_RUNPATH_SEARCH_PATHS = "$(inherited) @executable_path/Frameworks";
				LIBRARY_SEARCH_PATHS = (
					"$(inherited)",
					"$(PROJECT_DIR)/ThirdPartyShareLoginAndPay/Classes/Library/WeixinSDK",
					"$(PROJECT_DIR)/ThirdPartyShareLoginAndPay/Classes/Utils/AliPay",
				);
				OTHER_LDFLAGS = (
					"$(inherited)",
					"-ObjC",
					"-l\"AFNetworking\"",
					"-l\"MBProgressHUD\"",
					"-l\"WeiboSDK\"",
					"-l\"sqlite3\"",
					"-l\"z\"",
					"-framework",
					"\"CoreGraphics\"",
					"-framework",
					"\"CoreTelephony\"",
					"-framework",
					"\"CoreText\"",
					"-framework",
					"\"Foundation\"",
					"-framework",
					"\"ImageIO\"",
					"-framework",
					"\"MobileCoreServices\"",
					"-framework",
					"\"QuartzCore\"",
					"-framework",
					"\"Security\"",
					"-framework",
					"\"SystemConfiguration\"",
					"-framework",
					"\"UIKit\"",
					"-Objc",
					"-all_load",
				);
				PRODUCT_BUNDLE_IDENTIFIER = com.quzhua.app;
				PRODUCT_NAME = "$(TARGET_NAME)";
				TARGETED_DEVICE_FAMILY = 1;
			};
			name = Debug;
		};
		7E66E5BB1FF334D9006E4245 /* Release */ = {
			isa = XCBuildConfiguration;
			baseConfigurationReference = CD5A371732C022A0217FC1A4 /* Pods-ThirdPartyShareLoginAndPay.release.xcconfig */;
			buildSettings = {
				ASSETCATALOG_COMPILER_APPICON_NAME = AppIcon;
				CODE_SIGN_STYLE = Automatic;
				DEVELOPMENT_TEAM = EV6862XJJZ;
				ENABLE_BITCODE = NO;
				FRAMEWORK_SEARCH_PATHS = (
					"$(inherited)",
					"$(PROJECT_DIR)/ThirdPartyShareLoginAndPay/Classes/Library/TencentSDK",
					"$(PROJECT_DIR)/ThirdPartyShareLoginAndPay/Classes/Library/AliPaySDK",
				);
				GCC_PREFIX_HEADER = ThirdPartyShareLoginAndPay/Classes/Others/ThirdPartyPrefixHeader.pch;
				HEADER_SEARCH_PATHS = (
					"$(inherited)",
					"\"${PODS_ROOT}/Headers/Public\"",
					"\"${PODS_ROOT}/Headers/Public/AFNetworking\"",
					"\"${PODS_ROOT}/Headers/Public/MBProgressHUD\"",
					"\"${PODS_ROOT}/Headers/Public/WeiboSDK\"",
					"\"$(PROJECT_DIR)/ThirdPartyShareLoginAndPay/Classes/Utils/AliPay\"",
				);
				INFOPLIST_FILE = ThirdPartyShareLoginAndPay/Info.plist;
				IPHONEOS_DEPLOYMENT_TARGET = 9.0;
				LD_RUNPATH_SEARCH_PATHS = "$(inherited) @executable_path/Frameworks";
				LIBRARY_SEARCH_PATHS = (
					"$(inherited)",
					"$(PROJECT_DIR)/ThirdPartyShareLoginAndPay/Classes/Library/WeixinSDK",
					"$(PROJECT_DIR)/ThirdPartyShareLoginAndPay/Classes/Utils/AliPay",
				);
				OTHER_LDFLAGS = (
					"$(inherited)",
					"-ObjC",
					"-l\"AFNetworking\"",
					"-l\"MBProgressHUD\"",
					"-l\"WeiboSDK\"",
					"-l\"sqlite3\"",
					"-l\"z\"",
					"-framework",
					"\"CoreGraphics\"",
					"-framework",
					"\"CoreTelephony\"",
					"-framework",
					"\"CoreText\"",
					"-framework",
					"\"Foundation\"",
					"-framework",
					"\"ImageIO\"",
					"-framework",
					"\"MobileCoreServices\"",
					"-framework",
					"\"QuartzCore\"",
					"-framework",
					"\"Security\"",
					"-framework",
					"\"SystemConfiguration\"",
					"-framework",
					"\"UIKit\"",
					"-Objc",
					"-all_load",
				);
				PRODUCT_BUNDLE_IDENTIFIER = com.quzhua.app;
				PRODUCT_NAME = "$(TARGET_NAME)";
				TARGETED_DEVICE_FAMILY = 1;
			};
			name = Release;
		};
		7E66E5BD1FF334D9006E4245 /* Debug */ = {
			isa = XCBuildConfiguration;
			baseConfigurationReference = CEF6A65FB06A70CFB8FB64EC /* Pods-ThirdPartyShareLoginAndPayTests.debug.xcconfig */;
			buildSettings = {
				BUNDLE_LOADER = "$(TEST_HOST)";
				CODE_SIGN_STYLE = Automatic;
				INFOPLIST_FILE = ThirdPartyShareLoginAndPayTests/Info.plist;
				LD_RUNPATH_SEARCH_PATHS = "$(inherited) @executable_path/Frameworks @loader_path/Frameworks";
				PRODUCT_BUNDLE_IDENTIFIER = com.xbh158s.production.ThirdPartyShareLoginAndPayTests;
				PRODUCT_NAME = "$(TARGET_NAME)";
				TARGETED_DEVICE_FAMILY = "1,2";
				TEST_HOST = "$(BUILT_PRODUCTS_DIR)/ThirdPartyShareLoginAndPay.app/ThirdPartyShareLoginAndPay";
			};
			name = Debug;
		};
		7E66E5BE1FF334D9006E4245 /* Release */ = {
			isa = XCBuildConfiguration;
			baseConfigurationReference = 0D5E71FBF10C0068CA3C211F /* Pods-ThirdPartyShareLoginAndPayTests.release.xcconfig */;
			buildSettings = {
				BUNDLE_LOADER = "$(TEST_HOST)";
				CODE_SIGN_STYLE = Automatic;
				INFOPLIST_FILE = ThirdPartyShareLoginAndPayTests/Info.plist;
				LD_RUNPATH_SEARCH_PATHS = "$(inherited) @executable_path/Frameworks @loader_path/Frameworks";
				PRODUCT_BUNDLE_IDENTIFIER = com.xbh158s.production.ThirdPartyShareLoginAndPayTests;
				PRODUCT_NAME = "$(TARGET_NAME)";
				TARGETED_DEVICE_FAMILY = "1,2";
				TEST_HOST = "$(BUILT_PRODUCTS_DIR)/ThirdPartyShareLoginAndPay.app/ThirdPartyShareLoginAndPay";
			};
			name = Release;
		};
		7E66E5C01FF334D9006E4245 /* Debug */ = {
			isa = XCBuildConfiguration;
			baseConfigurationReference = D14655F3C549E365AB7B57C5 /* Pods-ThirdPartyShareLoginAndPayUITests.debug.xcconfig */;
			buildSettings = {
				CODE_SIGN_STYLE = Automatic;
				INFOPLIST_FILE = ThirdPartyShareLoginAndPayUITests/Info.plist;
				LD_RUNPATH_SEARCH_PATHS = "$(inherited) @executable_path/Frameworks @loader_path/Frameworks";
				PRODUCT_BUNDLE_IDENTIFIER = com.xbh158s.production.ThirdPartyShareLoginAndPayUITests;
				PRODUCT_NAME = "$(TARGET_NAME)";
				TARGETED_DEVICE_FAMILY = "1,2";
				TEST_TARGET_NAME = ThirdPartyShareLoginAndPay;
			};
			name = Debug;
		};
		7E66E5C11FF334D9006E4245 /* Release */ = {
			isa = XCBuildConfiguration;
			baseConfigurationReference = 09968527EC6B6DE2950B316D /* Pods-ThirdPartyShareLoginAndPayUITests.release.xcconfig */;
			buildSettings = {
				CODE_SIGN_STYLE = Automatic;
				INFOPLIST_FILE = ThirdPartyShareLoginAndPayUITests/Info.plist;
				LD_RUNPATH_SEARCH_PATHS = "$(inherited) @executable_path/Frameworks @loader_path/Frameworks";
				PRODUCT_BUNDLE_IDENTIFIER = com.xbh158s.production.ThirdPartyShareLoginAndPayUITests;
				PRODUCT_NAME = "$(TARGET_NAME)";
				TARGETED_DEVICE_FAMILY = "1,2";
				TEST_TARGET_NAME = ThirdPartyShareLoginAndPay;
			};
			name = Release;
		};
/* End XCBuildConfiguration section */

/* Begin XCConfigurationList section */
		7E66E5881FF334D9006E4245 /* Build configuration list for PBXProject "ThirdPartyShareLoginAndPay" */ = {
			isa = XCConfigurationList;
			buildConfigurations = (
				7E66E5B71FF334D9006E4245 /* Debug */,
				7E66E5B81FF334D9006E4245 /* Release */,
			);
			defaultConfigurationIsVisible = 0;
			defaultConfigurationName = Release;
		};
		7E66E5B91FF334D9006E4245 /* Build configuration list for PBXNativeTarget "ThirdPartyShareLoginAndPay" */ = {
			isa = XCConfigurationList;
			buildConfigurations = (
				7E66E5BA1FF334D9006E4245 /* Debug */,
				7E66E5BB1FF334D9006E4245 /* Release */,
			);
			defaultConfigurationIsVisible = 0;
			defaultConfigurationName = Release;
		};
		7E66E5BC1FF334D9006E4245 /* Build configuration list for PBXNativeTarget "ThirdPartyShareLoginAndPayTests" */ = {
			isa = XCConfigurationList;
			buildConfigurations = (
				7E66E5BD1FF334D9006E4245 /* Debug */,
				7E66E5BE1FF334D9006E4245 /* Release */,
			);
			defaultConfigurationIsVisible = 0;
			defaultConfigurationName = Release;
		};
		7E66E5BF1FF334D9006E4245 /* Build configuration list for PBXNativeTarget "ThirdPartyShareLoginAndPayUITests" */ = {
			isa = XCConfigurationList;
			buildConfigurations = (
				7E66E5C01FF334D9006E4245 /* Debug */,
				7E66E5C11FF334D9006E4245 /* Release */,
			);
			defaultConfigurationIsVisible = 0;
			defaultConfigurationName = Release;
		};
/* End XCConfigurationList section */
	};
	rootObject = 7E66E5851FF334D9006E4245 /* Project object */;
}
